// !$*UTF8*$!
{
	archiveVersion = 1;
	classes = {
	};
	objectVersion = 55;
	objects = {

/* Begin PBXBuildFile section */
		4DD604592823A72500DFF52C /* Player.m in Sources */ = {isa = PBXBuildFile; fileRef = 4DD604522823A72500DFF52C /* Player.m */; };
		4DD6045A2823A72500DFF52C /* Judge.m in Sources */ = {isa = PBXBuildFile; fileRef = 4DD604552823A72500DFF52C /* Judge.m */; };
		4DD6045B2823A72500DFF52C /* Robot.m in Sources */ = {isa = PBXBuildFile; fileRef = 4DD604562823A72500DFF52C /* Robot.m */; };
		4DD6045C2823A72500DFF52C /* main.m in Sources */ = {isa = PBXBuildFile; fileRef = 4DD604572823A72500DFF52C /* main.m */; };
/* End PBXBuildFile section */

/* Begin PBXCopyFilesBuildPhase section */
		4DD604452823A6EA00DFF52C /* CopyFiles */ = {
			isa = PBXCopyFilesBuildPhase;
			buildActionMask = 2147483647;
			dstPath = /usr/share/man/man1/;
			dstSubfolderSpec = 0;
			files = (
			);
			runOnlyForDeploymentPostprocessing = 1;
		};
/* End PBXCopyFilesBuildPhase section */

/* Begin PBXFileReference section */
		4DD604472823A6EA00DFF52C /* day05-ocbase */ = {isa = PBXFileReference; explicitFileType = "compiled.mach-o.executable"; includeInIndex = 0; path = "day05-ocbase"; sourceTree = BUILT_PRODUCTS_DIR; };
		4DD604512823A72500DFF52C /* Judge.h */ = {isa = PBXFileReference; fileEncoding = 4; lastKnownFileType = sourcecode.c.h; name = Judge.h; path = "../../../2/day02-ocbase/day02-ocbase/Judge.h"; sourceTree = "<group>"; };
		4DD604522823A72500DFF52C /* Player.m */ = {isa = PBXFileReference; fileEncoding = 4; lastKnownFileType = sourcecode.c.objc; name = Player.m; path = "../../../2/day02-ocbase/day02-ocbase/Player.m"; sourceTree = "<group>"; };
		4DD604532823A72500DFF52C /* Robot.h */ = {isa = PBXFileReference; fileEncoding = 4; lastKnownFileType = sourcecode.c.h; name = Robot.h; path = "../../../2/day02-ocbase/day02-ocbase/Robot.h"; sourceTree = "<group>"; };
		4DD604542823A72500DFF52C /* HandType.h */ = {isa = PBXFileReference; fileEncoding = 4; lastKnownFileType = sourcecode.c.h; name = HandType.h; path = "../../../2/day02-ocbase/day02-ocbase/HandType.h"; sourceTree = "<group>"; };
		4DD604552823A72500DFF52C /* Judge.m */ = {isa = PBXFileReference; fileEncoding = 4; lastKnownFileType = sourcecode.c.objc; name = Judge.m; path = "../../../2/day02-ocbase/day02-ocbase/Judge.m"; sourceTree = "<group>"; };
		4DD604562823A72500DFF52C /* Robot.m */ = {isa = PBXFileReference; fileEncoding = 4; lastKnownFileType = sourcecode.c.objc; name = Robot.m; path = "../../../2/day02-ocbase/day02-ocbase/Robot.m"; sourceTree = "<group>"; };
		4DD604572823A72500DFF52C /* main.m */ = {isa = PBXFileReference; fileEncoding = 4; lastKnownFileType = sourcecode.c.objc; name = main.m; path = "../../../2/day02-ocbase/day02-ocbase/main.m"; sourceTree = "<group>"; };
		4DD604582823A72500DFF52C /* Player.h */ = {isa = PBXFileReference; fileEncoding = 4; lastKnownFileType = sourcecode.c.h; name = Player.h; path = "../../../2/day02-ocbase/day02-ocbase/Player.h"; sourceTree = "<group>"; };
/* End PBXFileReference section */

/* Begin PBXFrameworksBuildPhase section */
		4DD604442823A6EA00DFF52C /* Frameworks */ = {
			isa = PBXFrameworksBuildPhase;
			buildActionMask = 2147483647;
			files = (
			);
			runOnlyForDeploymentPostprocessing = 0;
		};
/* End PBXFrameworksBuildPhase section */

/* Begin PBXGroup section */
		4DD6043E2823A6EA00DFF52C = {
			isa = PBXGroup;
			children = (
				4DD604492823A6EA00DFF52C /* day05-ocbase */,
				4DD604482823A6EA00DFF52C /* Products */,
			);
			sourceTree = "<group>";
		};
		4DD604482823A6EA00DFF52C /* Products */ = {
			isa = PBXGroup;
			children = (
				4DD604472823A6EA00DFF52C /* day05-ocbase */,
			);
			name = Products;
			sourceTree = "<group>";
		};
		4DD604492823A6EA00DFF52C /* day05-ocbase */ = {
			isa = PBXGroup;
			children = (
				4DD604542823A72500DFF52C /* HandType.h */,
				4DD604512823A72500DFF52C /* Judge.h */,
				4DD604552823A72500DFF52C /* Judge.m */,
				4DD604572823A72500DFF52C /* main.m */,
				4DD604582823A72500DFF52C /* Player.h */,
				4DD604522823A72500DFF52C /* Player.m */,
				4DD604532823A72500DFF52C /* Robot.h */,
				4DD604562823A72500DFF52C /* Robot.m */,
			);
			path = "day05-ocbase";
			sourceTree = "<group>";
		};
/* End PBXGroup section */

/* Begin PBXNativeTarget section */
		4DD604462823A6EA00DFF52C /* day05-ocbase */ = {
			isa = PBXNativeTarget;
			buildConfigurationList = 4DD6044E2823A6EA00DFF52C /* Build configuration list for PBXNativeTarget "day05-ocbase" */;
			buildPhases = (
				4DD604432823A6EA00DFF52C /* Sources */,
				4DD604442823A6EA00DFF52C /* Frameworks */,
				4DD604452823A6EA00DFF52C /* CopyFiles */,
			);
			buildRules = (
			);
			dependencies = (
			);
			name = "day05-ocbase";
			productName = "day05-ocbase";
			productReference = 4DD604472823A6EA00DFF52C /* day05-ocbase */;
			productType = "com.apple.product-type.tool";
		};
/* End PBXNativeTarget section */

/* Begin PBXProject section */
		4DD6043F2823A6EA00DFF52C /* Project object */ = {
			isa = PBXProject;
			attributes = {
				BuildIndependentTargetsInParallel = 1;
				LastUpgradeCheck = 1330;
				TargetAttributes = {
					4DD604462823A6EA00DFF52C = {
						CreatedOnToolsVersion = 13.3.1;
					};
				};
			};
			buildConfigurationList = 4DD604422823A6EA00DFF52C /* Build configuration list for PBXProject "day05-ocbase" */;
			compatibilityVersion = "Xcode 13.0";
			developmentRegion = en;
			hasScannedForEncodings = 0;
			knownRegions = (
				en,
				Base,
			);
			mainGroup = 4DD6043E2823A6EA00DFF52C;
			productRefGroup = 4DD604482823A6EA00DFF52C /* Products */;
			projectDirPath = "";
			projectRoot = "";
			targets = (
				4DD604462823A6EA00DFF52C /* day05-ocbase */,
			);
		};
/* End PBXProject section */

/* Begin PBXSourcesBuildPhase section */
		4DD604432823A6EA00DFF52C /* Sources */ = {
			isa = PBXSourcesBuildPhase;
			buildActionMask = 2147483647;
			files = (
				4DD6045C2823A72500DFF52C /* main.m in Sources */,
				4DD6045B2823A72500DFF52C /* Robot.m in Sources */,
				4DD6045A2823A72500DFF52C /* Judge.m in Sources */,
				4DD604592823A72500DFF52C /* Player.m in Sources */,
			);
			runOnlyForDeploymentPostprocessing = 0;
		};
/* End PBXSourcesBuildPhase section */

/* Begin XCBuildConfiguration section */
		4DD6044C2823A6EA00DFF52C /* Debug */ = {
			isa = XCBuildConfiguration;
			buildSettings = {
				ALWAYS_SEARCH_USER_PATHS = NO;
				CLANG_ANALYZER_NONNULL = YES;
				CLANG_ANALYZER_NUMBER_OBJECT_CONVERSION = YES_AGGRESSIVE;
				CLANG_CXX_LANGUAGE_STANDARD = "gnu++17";
				CLANG_ENABLE_MODULES = YES;
				CLANG_ENABLE_OBJC_ARC = YES;
				CLANG_ENABLE_OBJC_WEAK = YES;
				CLANG_WARN_BLOCK_CAPTURE_AUTORELEASING = YES;
				CLANG_WARN_BOOL_CONVERSION = YES;
				CLANG_WARN_COMMA = YES;
				CLANG_WARN_CONSTANT_CONVERSION = YES;
				CLANG_WARN_DEPRECATED_OBJC_IMPLEMENTATIONS = YES;
				CLANG_WARN_DIRECT_OBJC_ISA_USAGE = YES_ERROR;
				CLANG_WARN_DOCUMENTATION_COMMENTS = YES;
				CLANG_WARN_EMPTY_BODY = YES;
				CLANG_WARN_ENUM_CONVERSION = YES;
				CLANG_WARN_INFINITE_RECURSION = YES;
				CLANG_WARN_INT_CONVERSION = YES;
				CLANG_WARN_NON_LITERAL_NULL_CONVERSION = YES;
				CLANG_WARN_OBJC_IMPLICIT_RETAIN_SELF = YES;
				CLANG_WARN_OBJC_LITERAL_CONVERSION = YES;
				CLANG_WARN_OBJC_ROOT_CLASS = YES_ERROR;
				CLANG_WARN_QUOTED_INCLUDE_IN_FRAMEWORK_HEADER = YES;
				CLANG_WARN_RANGE_LOOP_ANALYSIS = YES;
				CLANG_WARN_STRICT_PROTOTYPES = YES;
				CLANG_WARN_SUSPICIOUS_MOVE = YES;
				CLANG_WARN_UNGUARDED_AVAILABILITY = YES_AGGRESSIVE;
				CLANG_WARN_UNREACHABLE_CODE = YES;
				CLANG_WARN__DUPLICATE_METHOD_MATCH = YES;
				COPY_PHASE_STRIP = NO;
				DEBUG_INFORMATION_FORMAT = dwarf;
				ENABLE_STRICT_OBJC_MSGSEND = YES;
				ENABLE_TESTABILITY = YES;
				GCC_C_LANGUAGE_STANDARD = gnu11;
				GCC_DYNAMIC_NO_PIC = NO;
				GCC_NO_COMMON_BLOCKS = YES;
				GCC_OPTIMIZATION_LEVEL = 0;
				GCC_PREPROCESSOR_DEFINITIONS = (
					"DEBUG=1",
					"$(inherited)",
				);
				GCC_WARN_64_TO_32_BIT_CONVERSION = YES;
				GCC_WARN_ABOUT_RETURN_TYPE = YES_ERROR;
				GCC_WARN_UNDECLARED_SELECTOR = YES;
				GCC_WARN_UNINITIALIZED_AUTOS = YES_AGGRESSIVE;
				GCC_WARN_UNUSED_FUNCTION = YES;
				GCC_WARN_UNUSED_VARIABLE = YES;
				MACOSX_DEPLOYMENT_TARGET = 12.3;
				MTL_ENABLE_DEBUG_INFO = INCLUDE_SOURCE;
				MTL_FAST_MATH = YES;
				ONLY_ACTIVE_ARCH = YES;
				SDKROOT = macosx;
			};
			name = Debug;
		};
		4DD6044D2823A6EA00DFF52C /* Release */ = {
			isa = XCBuildConfiguration;
			buildSettings = {
				ALWAYS_SEARCH_USER_PATHS = NO;
				CLANG_ANALYZER_NONNULL = YES;
				CLANG_ANALYZER_NUMBER_OBJECT_CONVERSION = YES_AGGRESSIVE;
				CLANG_CXX_LANGUAGE_STANDARD = "gnu++17";
				CLANG_ENABLE_MODULES = YES;
				CLANG_ENABLE_OBJC_ARC = YES;
				CLANG_ENABLE_OBJC_WEAK = YES;
				CLANG_WARN_BLOCK_CAPTURE_AUTORELEASING = YES;
				CLANG_WARN_BOOL_CONVERSION = YES;
				CLANG_WARN_COMMA = YES;
				CLANG_WARN_CONSTANT_CONVERSION = YES;
				CLANG_WARN_DEPRECATED_OBJC_IMPLEMENTATIONS = YES;
				CLANG_WARN_DIRECT_OBJC_ISA_USAGE = YES_ERROR;
				CLANG_WARN_DOCUMENTATION_COMMENTS = YES;
				CLANG_WARN_EMPTY_BODY = YES;
				CLANG_WARN_ENUM_CONVERSION = YES;
				CLANG_WARN_INFINITE_RECURSION = YES;
				CLANG_WARN_INT_CONVERSION = YES;
				CLANG_WARN_NON_LITERAL_NULL_CONVERSION = YES;
				CLANG_WARN_OBJC_IMPLICIT_RETAIN_SELF = YES;
				CLANG_WARN_OBJC_LITERAL_CONVERSION = YES;
				CLANG_WARN_OBJC_ROOT_CLASS = YES_ERROR;
				CLANG_WARN_QUOTED_INCLUDE_IN_FRAMEWORK_HEADER = YES;
				CLANG_WARN_RANGE_LOOP_ANALYSIS = YES;
				CLANG_WARN_STRICT_PROTOTYPES = YES;
				CLANG_WARN_SUSPICIOUS_MOVE = YES;
				CLANG_WARN_UNGUARDED_AVAILABILITY = YES_AGGRESSIVE;
				CLANG_WARN_UNREACHABLE_CODE = YES;
				CLANG_WARN__DUPLICATE_METHOD_MATCH = YES;
				COPY_PHASE_STRIP = NO;
				DEBUG_INFORMATION_FORMAT = "dwarf-with-dsym";
				ENABLE_NS_ASSERTIONS = NO;
				ENABLE_STRICT_OBJC_MSGSEND = YES;
				GCC_C_LANGUAGE_STANDARD = gnu11;
				GCC_NO_COMMON_BLOCKS = YES;
				GCC_WARN_64_TO_32_BIT_CONVERSION = YES;
				GCC_WARN_ABOUT_RETURN_TYPE = YES_ERROR;
				GCC_WARN_UNDECLARED_SELECTOR = YES;
				GCC_WARN_UNINITIALIZED_AUTOS = YES_AGGRESSIVE;
				GCC_WARN_UNUSED_FUNCTION = YES;
				GCC_WARN_UNUSED_VARIABLE = YES;
				MACOSX_DEPLOYMENT_TARGET = 12.3;
				MTL_ENABLE_DEBUG_INFO = NO;
				MTL_FAST_MATH = YES;
				SDKROOT = macosx;
			};
			name = Release;
		};
		4DD6044F2823A6EA00DFF52C /* Debug */ = {
			isa = XCBuildConfiguration;
			buildSettings = {
				CODE_SIGN_STYLE = Automatic;
				PRODUCT_NAME = "$(TARGET_NAME)";
			};
			name = Debug;
		};
		4DD604502823A6EA00DFF52C /* Release */ = {
			isa = XCBuildConfiguration;
			buildSettings = {
				CODE_SIGN_STYLE = Automatic;
				PRODUCT_NAME = "$(TARGET_NAME)";
			};
			name = Release;
		};
/* End XCBuildConfiguration section */

/* Begin XCConfigurationList section */
		4DD604422823A6EA00DFF52C /* Build configuration list for PBXProject "day05-ocbase" */ = {
			isa = XCConfigurationList;
			buildConfigurations = (
				4DD6044C2823A6EA00DFF52C /* Debug */,
				4DD6044D2823A6EA00DFF52C /* Release */,
			);
			defaultConfigurationIsVisible = 0;
			defaultConfigurationName = Release;
		};
		4DD6044E2823A6EA00DFF52C /* Build configuration list for PBXNativeTarget "day05-ocbase" */ = {
			isa = XCConfigurationList;
			buildConfigurations = (
				4DD6044F2823A6EA00DFF52C /* Debug */,
				4DD604502823A6EA00DFF52C /* Release */,
			);
			defaultConfigurationIsVisible = 0;
			defaultConfigurationName = Release;
		};
/* End XCConfigurationList section */
	};
	rootObject = 4DD6043F2823A6EA00DFF52C /* Project object */;
}
