// !$*UTF8*$!
{
	archiveVersion = 1;
	classes = {
	};
	objectVersion = 50;
	objects = {

/* Begin PBXBuildFile section */
		23AAE4F626ECAFA000A376D5 /* AppDelegate.m in Sources */ = {isa = PBXBuildFile; fileRef = 23AAE4F526ECAFA000A376D5 /* AppDelegate.m */; };
		23AAE4F926ECAFA000A376D5 /* SceneDelegate.m in Sources */ = {isa = PBXBuildFile; fileRef = 23AAE4F826ECAFA000A376D5 /* SceneDelegate.m */; };
		23AAE4FC26ECAFA000A376D5 /* ViewController.m in Sources */ = {isa = PBXBuildFile; fileRef = 23AAE4FB26ECAFA000A376D5 /* ViewController.m */; };
		23AAE4FF26ECAFA000A376D5 /* Main.storyboard in Resources */ = {isa = PBXBuildFile; fileRef = 23AAE4FD26ECAFA000A376D5 /* Main.storyboard */; };
		23AAE50126ECAFA100A376D5 /* Assets.xcassets in Resources */ = {isa = PBXBuildFile; fileRef = 23AAE50026ECAFA100A376D5 /* Assets.xcassets */; };
		23AAE50426ECAFA100A376D5 /* LaunchScreen.storyboard in Resources */ = {isa = PBXBuildFile; fileRef = 23AAE50226ECAFA100A376D5 /* LaunchScreen.storyboard */; };
		23AAE50726ECAFA100A376D5 /* main.m in Sources */ = {isa = PBXBuildFile; fileRef = 23AAE50626ECAFA100A376D5 /* main.m */; };
		23AAE51126ECAFA200A376D5 /* demolldbTests.m in Sources */ = {isa = PBXBuildFile; fileRef = 23AAE51026ECAFA200A376D5 /* demolldbTests.m */; };
		23AAE51C26ECAFA200A376D5 /* demolldbUITests.m in Sources */ = {isa = PBXBuildFile; fileRef = 23AAE51B26ECAFA200A376D5 /* demolldbUITests.m */; };
		23AAE52B26ECBE0900A376D5 /* Person.m in Sources */ = {isa = PBXBuildFile; fileRef = 23AAE52A26ECBE0900A376D5 /* Person.m */; };
/* End PBXBuildFile section */

/* Begin PBXContainerItemProxy section */
		23AAE50D26ECAFA200A376D5 /* PBXContainerItemProxy */ = {
			isa = PBXContainerItemProxy;
			containerPortal = 23AAE4E926ECAFA000A376D5 /* Project object */;
			proxyType = 1;
			remoteGlobalIDString = 23AAE4F026ECAFA000A376D5;
			remoteInfo = demolldb;
		};
		23AAE51826ECAFA200A376D5 /* PBXContainerItemProxy */ = {
			isa = PBXContainerItemProxy;
			containerPortal = 23AAE4E926ECAFA000A376D5 /* Project object */;
			proxyType = 1;
			remoteGlobalIDString = 23AAE4F026ECAFA000A376D5;
			remoteInfo = demolldb;
		};
/* End PBXContainerItemProxy section */

/* Begin PBXFileReference section */
		23AAE4F126ECAFA000A376D5 /* demolldb.app */ = {isa = PBXFileReference; explicitFileType = wrapper.application; includeInIndex = 0; path = demolldb.app; sourceTree = BUILT_PRODUCTS_DIR; };
		23AAE4F426ECAFA000A376D5 /* AppDelegate.h */ = {isa = PBXFileReference; lastKnownFileType = sourcecode.c.h; path = AppDelegate.h; sourceTree = "<group>"; };
		23AAE4F526ECAFA000A376D5 /* AppDelegate.m */ = {isa = PBXFileReference; lastKnownFileType = sourcecode.c.objc; path = AppDelegate.m; sourceTree = "<group>"; };
		23AAE4F726ECAFA000A376D5 /* SceneDelegate.h */ = {isa = PBXFileReference; lastKnownFileType = sourcecode.c.h; path = SceneDelegate.h; sourceTree = "<group>"; };
		23AAE4F826ECAFA000A376D5 /* SceneDelegate.m */ = {isa = PBXFileReference; lastKnownFileType = sourcecode.c.objc; path = SceneDelegate.m; sourceTree = "<group>"; };
		23AAE4FA26ECAFA000A376D5 /* ViewController.h */ = {isa = PBXFileReference; lastKnownFileType = sourcecode.c.h; path = ViewController.h; sourceTree = "<group>"; };
		23AAE4FB26ECAFA000A376D5 /* ViewController.m */ = {isa = PBXFileReference; lastKnownFileType = sourcecode.c.objc; path = ViewController.m; sourceTree = "<group>"; };
		23AAE4FE26ECAFA000A376D5 /* Base */ = {isa = PBXFileReference; lastKnownFileType = file.storyboard; name = Base; path = Base.lproj/Main.storyboard; sourceTree = "<group>"; };
		23AAE50026ECAFA100A376D5 /* Assets.xcassets */ = {isa = PBXFileReference; lastKnownFileType = folder.assetcatalog; path = Assets.xcassets; sourceTree = "<group>"; };
		23AAE50326ECAFA100A376D5 /* Base */ = {isa = PBXFileReference; lastKnownFileType = file.storyboard; name = Base; path = Base.lproj/LaunchScreen.storyboard; sourceTree = "<group>"; };
		23AAE50526ECAFA100A376D5 /* Info.plist */ = {isa = PBXFileReference; lastKnownFileType = text.plist.xml; path = Info.plist; sourceTree = "<group>"; };
		23AAE50626ECAFA100A376D5 /* main.m */ = {isa = PBXFileReference; lastKnownFileType = sourcecode.c.objc; path = main.m; sourceTree = "<group>"; };
		23AAE50C26ECAFA200A376D5 /* demolldbTests.xctest */ = {isa = PBXFileReference; explicitFileType = wrapper.cfbundle; includeInIndex = 0; path = demolldbTests.xctest; sourceTree = BUILT_PRODUCTS_DIR; };
		23AAE51026ECAFA200A376D5 /* demolldbTests.m */ = {isa = PBXFileReference; lastKnownFileType = sourcecode.c.objc; path = demolldbTests.m; sourceTree = "<group>"; };
		23AAE51226ECAFA200A376D5 /* Info.plist */ = {isa = PBXFileReference; lastKnownFileType = text.plist.xml; path = Info.plist; sourceTree = "<group>"; };
		23AAE51726ECAFA200A376D5 /* demolldbUITests.xctest */ = {isa = PBXFileReference; explicitFileType = wrapper.cfbundle; includeInIndex = 0; path = demolldbUITests.xctest; sourceTree = BUILT_PRODUCTS_DIR; };
		23AAE51B26ECAFA200A376D5 /* demolldbUITests.m */ = {isa = PBXFileReference; lastKnownFileType = sourcecode.c.objc; path = demolldbUITests.m; sourceTree = "<group>"; };
		23AAE51D26ECAFA200A376D5 /* Info.plist */ = {isa = PBXFileReference; lastKnownFileType = text.plist.xml; path = Info.plist; sourceTree = "<group>"; };
		23AAE52926ECBE0900A376D5 /* Person.h */ = {isa = PBXFileReference; lastKnownFileType = sourcecode.c.h; path = Person.h; sourceTree = "<group>"; };
		23AAE52A26ECBE0900A376D5 /* Person.m */ = {isa = PBXFileReference; lastKnownFileType = sourcecode.c.objc; path = Person.m; sourceTree = "<group>"; };
/* End PBXFileReference section */

/* Begin PBXFrameworksBuildPhase section */
		23AAE4EE26ECAFA000A376D5 /* Frameworks */ = {
			isa = PBXFrameworksBuildPhase;
			buildActionMask = 2147483647;
			files = (
			);
			runOnlyForDeploymentPostprocessing = 0;
		};
		23AAE50926ECAFA200A376D5 /* Frameworks */ = {
			isa = PBXFrameworksBuildPhase;
			buildActionMask = 2147483647;
			files = (
			);
			runOnlyForDeploymentPostprocessing = 0;
		};
		23AAE51426ECAFA200A376D5 /* Frameworks */ = {
			isa = PBXFrameworksBuildPhase;
			buildActionMask = 2147483647;
			files = (
			);
			runOnlyForDeploymentPostprocessing = 0;
		};
/* End PBXFrameworksBuildPhase section */

/* Begin PBXGroup section */
		23AAE4E826ECAFA000A376D5 = {
			isa = PBXGroup;
			children = (
				23AAE4F326ECAFA000A376D5 /* demolldb */,
				23AAE50F26ECAFA200A376D5 /* demolldbTests */,
				23AAE51A26ECAFA200A376D5 /* demolldbUITests */,
				23AAE4F226ECAFA000A376D5 /* Products */,
			);
			sourceTree = "<group>";
		};
		23AAE4F226ECAFA000A376D5 /* Products */ = {
			isa = PBXGroup;
			children = (
				23AAE4F126ECAFA000A376D5 /* demolldb.app */,
				23AAE50C26ECAFA200A376D5 /* demolldbTests.xctest */,
				23AAE51726ECAFA200A376D5 /* demolldbUITests.xctest */,
			);
			name = Products;
			sourceTree = "<group>";
		};
		23AAE4F326ECAFA000A376D5 /* demolldb */ = {
			isa = PBXGroup;
			children = (
				23AAE4F426ECAFA000A376D5 /* AppDelegate.h */,
				23AAE4F526ECAFA000A376D5 /* AppDelegate.m */,
				23AAE4F726ECAFA000A376D5 /* SceneDelegate.h */,
				23AAE4F826ECAFA000A376D5 /* SceneDelegate.m */,
				23AAE4FA26ECAFA000A376D5 /* ViewController.h */,
				23AAE4FB26ECAFA000A376D5 /* ViewController.m */,
				23AAE4FD26ECAFA000A376D5 /* Main.storyboard */,
				23AAE50026ECAFA100A376D5 /* Assets.xcassets */,
				23AAE50226ECAFA100A376D5 /* LaunchScreen.storyboard */,
				23AAE50526ECAFA100A376D5 /* Info.plist */,
				23AAE50626ECAFA100A376D5 /* main.m */,
				23AAE52926ECBE0900A376D5 /* Person.h */,
				23AAE52A26ECBE0900A376D5 /* Person.m */,
			);
			path = demolldb;
			sourceTree = "<group>";
		};
		23AAE50F26ECAFA200A376D5 /* demolldbTests */ = {
			isa = PBXGroup;
			children = (
				23AAE51026ECAFA200A376D5 /* demolldbTests.m */,
				23AAE51226ECAFA200A376D5 /* Info.plist */,
			);
			path = demolldbTests;
			sourceTree = "<group>";
		};
		23AAE51A26ECAFA200A376D5 /* demolldbUITests */ = {
			isa = PBXGroup;
			children = (
				23AAE51B26ECAFA200A376D5 /* demolldbUITests.m */,
				23AAE51D26ECAFA200A376D5 /* Info.plist */,
			);
			path = demolldbUITests;
			sourceTree = "<group>";
		};
/* End PBXGroup section */

/* Begin PBXNativeTarget section */
		23AAE4F026ECAFA000A376D5 /* demolldb */ = {
			isa = PBXNativeTarget;
			buildConfigurationList = 23AAE52026ECAFA200A376D5 /* Build configuration list for PBXNativeTarget "demolldb" */;
			buildPhases = (
				23AAE4ED26ECAFA000A376D5 /* Sources */,
				23AAE4EE26ECAFA000A376D5 /* Frameworks */,
				23AAE4EF26ECAFA000A376D5 /* Resources */,
			);
			buildRules = (
			);
			dependencies = (
			);
			name = demolldb;
			productName = demolldb;
			productReference = 23AAE4F126ECAFA000A376D5 /* demolldb.app */;
			productType = "com.apple.product-type.application";
		};
		23AAE50B26ECAFA200A376D5 /* demolldbTests */ = {
			isa = PBXNativeTarget;
			buildConfigurationList = 23AAE52326ECAFA200A376D5 /* Build configuration list for PBXNativeTarget "demolldbTests" */;
			buildPhases = (
				23AAE50826ECAFA200A376D5 /* Sources */,
				23AAE50926ECAFA200A376D5 /* Frameworks */,
				23AAE50A26ECAFA200A376D5 /* Resources */,
			);
			buildRules = (
			);
			dependencies = (
				23AAE50E26ECAFA200A376D5 /* PBXTargetDependency */,
			);
			name = demolldbTests;
			productName = demolldbTests;
			productReference = 23AAE50C26ECAFA200A376D5 /* demolldbTests.xctest */;
			productType = "com.apple.product-type.bundle.unit-test";
		};
		23AAE51626ECAFA200A376D5 /* demolldbUITests */ = {
			isa = PBXNativeTarget;
			buildConfigurationList = 23AAE52626ECAFA200A376D5 /* Build configuration list for PBXNativeTarget "demolldbUITests" */;
			buildPhases = (
				23AAE51326ECAFA200A376D5 /* Sources */,
				23AAE51426ECAFA200A376D5 /* Frameworks */,
				23AAE51526ECAFA200A376D5 /* Resources */,
			);
			buildRules = (
			);
			dependencies = (
				23AAE51926ECAFA200A376D5 /* PBXTargetDependency */,
			);
			name = demolldbUITests;
			productName = demolldbUITests;
			productReference = 23AAE51726ECAFA200A376D5 /* demolldbUITests.xctest */;
			productType = "com.apple.product-type.bundle.ui-testing";
		};
/* End PBXNativeTarget section */

/* Begin PBXProject section */
		23AAE4E926ECAFA000A376D5 /* Project object */ = {
			isa = PBXProject;
			attributes = {
				LastUpgradeCheck = 1250;
				TargetAttributes = {
					23AAE4F026ECAFA000A376D5 = {
						CreatedOnToolsVersion = 12.5.1;
					};
					23AAE50B26ECAFA200A376D5 = {
						CreatedOnToolsVersion = 12.5.1;
						TestTargetID = 23AAE4F026ECAFA000A376D5;
					};
					23AAE51626ECAFA200A376D5 = {
						CreatedOnToolsVersion = 12.5.1;
						TestTargetID = 23AAE4F026ECAFA000A376D5;
					};
				};
			};
			buildConfigurationList = 23AAE4EC26ECAFA000A376D5 /* Build configuration list for PBXProject "demolldb" */;
			compatibilityVersion = "Xcode 9.3";
			developmentRegion = en;
			hasScannedForEncodings = 0;
			knownRegions = (
				en,
				Base,
			);
			mainGroup = 23AAE4E826ECAFA000A376D5;
			productRefGroup = 23AAE4F226ECAFA000A376D5 /* Products */;
			projectDirPath = "";
			projectRoot = "";
			targets = (
				23AAE4F026ECAFA000A376D5 /* demolldb */,
				23AAE50B26ECAFA200A376D5 /* demolldbTests */,
				23AAE51626ECAFA200A376D5 /* demolldbUITests */,
			);
		};
/* End PBXProject section */

/* Begin PBXResourcesBuildPhase section */
		23AAE4EF26ECAFA000A376D5 /* Resources */ = {
			isa = PBXResourcesBuildPhase;
			buildActionMask = 2147483647;
			files = (
				23AAE50426ECAFA100A376D5 /* LaunchScreen.storyboard in Resources */,
				23AAE50126ECAFA100A376D5 /* Assets.xcassets in Resources */,
				23AAE4FF26ECAFA000A376D5 /* Main.storyboard in Resources */,
			);
			runOnlyForDeploymentPostprocessing = 0;
		};
		23AAE50A26ECAFA200A376D5 /* Resources */ = {
			isa = PBXResourcesBuildPhase;
			buildActionMask = 2147483647;
			files = (
			);
			runOnlyForDeploymentPostprocessing = 0;
		};
		23AAE51526ECAFA200A376D5 /* Resources */ = {
			isa = PBXResourcesBuildPhase;
			buildActionMask = 2147483647;
			files = (
			);
			runOnlyForDeploymentPostprocessing = 0;
		};
/* End PBXResourcesBuildPhase section */

/* Begin PBXSourcesBuildPhase section */
		23AAE4ED26ECAFA000A376D5 /* Sources */ = {
			isa = PBXSourcesBuildPhase;
			buildActionMask = 2147483647;
			files = (
				23AAE4FC26ECAFA000A376D5 /* ViewController.m in Sources */,
				23AAE4F626ECAFA000A376D5 /* AppDelegate.m in Sources */,
				23AAE52B26ECBE0900A376D5 /* Person.m in Sources */,
				23AAE50726ECAFA100A376D5 /* main.m in Sources */,
				23AAE4F926ECAFA000A376D5 /* SceneDelegate.m in Sources */,
			);
			runOnlyForDeploymentPostprocessing = 0;
		};
		23AAE50826ECAFA200A376D5 /* Sources */ = {
			isa = PBXSourcesBuildPhase;
			buildActionMask = 2147483647;
			files = (
				23AAE51126ECAFA200A376D5 /* demolldbTests.m in Sources */,
			);
			runOnlyForDeploymentPostprocessing = 0;
		};
		23AAE51326ECAFA200A376D5 /* Sources */ = {
			isa = PBXSourcesBuildPhase;
			buildActionMask = 2147483647;
			files = (
				23AAE51C26ECAFA200A376D5 /* demolldbUITests.m in Sources */,
			);
			runOnlyForDeploymentPostprocessing = 0;
		};
/* End PBXSourcesBuildPhase section */

/* Begin PBXTargetDependency section */
		23AAE50E26ECAFA200A376D5 /* PBXTargetDependency */ = {
			isa = PBXTargetDependency;
			target = 23AAE4F026ECAFA000A376D5 /* demolldb */;
			targetProxy = 23AAE50D26ECAFA200A376D5 /* PBXContainerItemProxy */;
		};
		23AAE51926ECAFA200A376D5 /* PBXTargetDependency */ = {
			isa = PBXTargetDependency;
			target = 23AAE4F026ECAFA000A376D5 /* demolldb */;
			targetProxy = 23AAE51826ECAFA200A376D5 /* PBXContainerItemProxy */;
		};
/* End PBXTargetDependency section */

/* Begin PBXVariantGroup section */
		23AAE4FD26ECAFA000A376D5 /* Main.storyboard */ = {
			isa = PBXVariantGroup;
			children = (
				23AAE4FE26ECAFA000A376D5 /* Base */,
			);
			name = Main.storyboard;
			sourceTree = "<group>";
		};
		23AAE50226ECAFA100A376D5 /* LaunchScreen.storyboard */ = {
			isa = PBXVariantGroup;
			children = (
				23AAE50326ECAFA100A376D5 /* Base */,
			);
			name = LaunchScreen.storyboard;
			sourceTree = "<group>";
		};
/* End PBXVariantGroup section */

/* Begin XCBuildConfiguration section */
		23AAE51E26ECAFA200A376D5 /* Debug */ = {
			isa = XCBuildConfiguration;
			buildSettings = {
				ALWAYS_SEARCH_USER_PATHS = NO;
				CLANG_ANALYZER_NONNULL = YES;
				CLANG_ANALYZER_NUMBER_OBJECT_CONVERSION = YES_AGGRESSIVE;
				CLANG_CXX_LANGUAGE_STANDARD = "gnu++14";
				CLANG_CXX_LIBRARY = "libc++";
				CLANG_ENABLE_MODULES = YES;
				CLANG_ENABLE_OBJC_ARC = YES;
				CLANG_ENABLE_OBJC_WEAK = YES;
				CLANG_WARN_BLOCK_CAPTURE_AUTORELEASING = YES;
				CLANG_WARN_BOOL_CONVERSION = YES;
				CLANG_WARN_COMMA = YES;
				CLANG_WARN_CONSTANT_CONVERSION = YES;
				CLANG_WARN_DEPRECATED_OBJC_IMPLEMENTATIONS = YES;
				CLANG_WARN_DIRECT_OBJC_ISA_USAGE = YES_ERROR;
				CLANG_WARN_DOCUMENTATION_COMMENTS = YES;
				CLANG_WARN_EMPTY_BODY = YES;
				CLANG_WARN_ENUM_CONVERSION = YES;
				CLANG_WARN_INFINITE_RECURSION = YES;
				CLANG_WARN_INT_CONVERSION = YES;
				CLANG_WARN_NON_LITERAL_NULL_CONVERSION = YES;
				CLANG_WARN_OBJC_IMPLICIT_RETAIN_SELF = YES;
				CLANG_WARN_OBJC_LITERAL_CONVERSION = YES;
				CLANG_WARN_OBJC_ROOT_CLASS = YES_ERROR;
				CLANG_WARN_QUOTED_INCLUDE_IN_FRAMEWORK_HEADER = YES;
				CLANG_WARN_RANGE_LOOP_ANALYSIS = YES;
				CLANG_WARN_STRICT_PROTOTYPES = YES;
				CLANG_WARN_SUSPICIOUS_MOVE = YES;
				CLANG_WARN_UNGUARDED_AVAILABILITY = YES_AGGRESSIVE;
				CLANG_WARN_UNREACHABLE_CODE = YES;
				CLANG_WARN__DUPLICATE_METHOD_MATCH = YES;
				COPY_PHASE_STRIP = NO;
				DEBUG_INFORMATION_FORMAT = dwarf;
				ENABLE_STRICT_OBJC_MSGSEND = YES;
				ENABLE_TESTABILITY = YES;
				GCC_C_LANGUAGE_STANDARD = gnu11;
				GCC_DYNAMIC_NO_PIC = NO;
				GCC_NO_COMMON_BLOCKS = YES;
				GCC_OPTIMIZATION_LEVEL = 0;
				GCC_PREPROCESSOR_DEFINITIONS = (
					"DEBUG=1",
					"$(inherited)",
				);
				GCC_WARN_64_TO_32_BIT_CONVERSION = YES;
				GCC_WARN_ABOUT_RETURN_TYPE = YES_ERROR;
				GCC_WARN_UNDECLARED_SELECTOR = YES;
				GCC_WARN_UNINITIALIZED_AUTOS = YES_AGGRESSIVE;
				GCC_WARN_UNUSED_FUNCTION = YES;
				GCC_WARN_UNUSED_VARIABLE = YES;
				IPHONEOS_DEPLOYMENT_TARGET = 12.3;
				MTL_ENABLE_DEBUG_INFO = INCLUDE_SOURCE;
				MTL_FAST_MATH = YES;
				ONLY_ACTIVE_ARCH = YES;
				SDKROOT = iphoneos;
			};
			name = Debug;
		};
		23AAE51F26ECAFA200A376D5 /* Release */ = {
			isa = XCBuildConfiguration;
			buildSettings = {
				ALWAYS_SEARCH_USER_PATHS = NO;
				CLANG_ANALYZER_NONNULL = YES;
				CLANG_ANALYZER_NUMBER_OBJECT_CONVERSION = YES_AGGRESSIVE;
				CLANG_CXX_LANGUAGE_STANDARD = "gnu++14";
				CLANG_CXX_LIBRARY = "libc++";
				CLANG_ENABLE_MODULES = YES;
				CLANG_ENABLE_OBJC_ARC = YES;
				CLANG_ENABLE_OBJC_WEAK = YES;
				CLANG_WARN_BLOCK_CAPTURE_AUTORELEASING = YES;
				CLANG_WARN_BOOL_CONVERSION = YES;
				CLANG_WARN_COMMA = YES;
				CLANG_WARN_CONSTANT_CONVERSION = YES;
				CLANG_WARN_DEPRECATED_OBJC_IMPLEMENTATIONS = YES;
				CLANG_WARN_DIRECT_OBJC_ISA_USAGE = YES_ERROR;
				CLANG_WARN_DOCUMENTATION_COMMENTS = YES;
				CLANG_WARN_EMPTY_BODY = YES;
				CLANG_WARN_ENUM_CONVERSION = YES;
				CLANG_WARN_INFINITE_RECURSION = YES;
				CLANG_WARN_INT_CONVERSION = YES;
				CLANG_WARN_NON_LITERAL_NULL_CONVERSION = YES;
				CLANG_WARN_OBJC_IMPLICIT_RETAIN_SELF = YES;
				CLANG_WARN_OBJC_LITERAL_CONVERSION = YES;
				CLANG_WARN_OBJC_ROOT_CLASS = YES_ERROR;
				CLANG_WARN_QUOTED_INCLUDE_IN_FRAMEWORK_HEADER = YES;
				CLANG_WARN_RANGE_LOOP_ANALYSIS = YES;
				CLANG_WARN_STRICT_PROTOTYPES = YES;
				CLANG_WARN_SUSPICIOUS_MOVE = YES;
				CLANG_WARN_UNGUARDED_AVAILABILITY = YES_AGGRESSIVE;
				CLANG_WARN_UNREACHABLE_CODE = YES;
				CLANG_WARN__DUPLICATE_METHOD_MATCH = YES;
				COPY_PHASE_STRIP = NO;
				DEBUG_INFORMATION_FORMAT = "dwarf-with-dsym";
				ENABLE_NS_ASSERTIONS = NO;
				ENABLE_STRICT_OBJC_MSGSEND = YES;
				GCC_C_LANGUAGE_STANDARD = gnu11;
				GCC_NO_COMMON_BLOCKS = YES;
				GCC_WARN_64_TO_32_BIT_CONVERSION = YES;
				GCC_WARN_ABOUT_RETURN_TYPE = YES_ERROR;
				GCC_WARN_UNDECLARED_SELECTOR = YES;
				GCC_WARN_UNINITIALIZED_AUTOS = YES_AGGRESSIVE;
				GCC_WARN_UNUSED_FUNCTION = YES;
				GCC_WARN_UNUSED_VARIABLE = YES;
				IPHONEOS_DEPLOYMENT_TARGET = 12.3;
				MTL_ENABLE_DEBUG_INFO = NO;
				MTL_FAST_MATH = YES;
				SDKROOT = iphoneos;
				VALIDATE_PRODUCT = YES;
			};
			name = Release;
		};
		23AAE52126ECAFA200A376D5 /* Debug */ = {
			isa = XCBuildConfiguration;
			buildSettings = {
				ASSETCATALOG_COMPILER_APPICON_NAME = AppIcon;
				ASSETCATALOG_COMPILER_GLOBAL_ACCENT_COLOR_NAME = AccentColor;
				CODE_SIGN_STYLE = Automatic;
				DEVELOPMENT_TEAM = 83MM2D52FD;
				INFOPLIST_FILE = demolldb/Info.plist;
				LD_RUNPATH_SEARCH_PATHS = (
					"$(inherited)",
					"@executable_path/Frameworks",
				);
				PRODUCT_BUNDLE_IDENTIFIER = com.db.chat;
				PRODUCT_NAME = "$(TARGET_NAME)";
				TARGETED_DEVICE_FAMILY = "1,2";
			};
			name = Debug;
		};
		23AAE52226ECAFA200A376D5 /* Release */ = {
			isa = XCBuildConfiguration;
			buildSettings = {
				ASSETCATALOG_COMPILER_APPICON_NAME = AppIcon;
				ASSETCATALOG_COMPILER_GLOBAL_ACCENT_COLOR_NAME = AccentColor;
				CODE_SIGN_STYLE = Automatic;
				DEVELOPMENT_TEAM = 83MM2D52FD;
				INFOPLIST_FILE = demolldb/Info.plist;
				LD_RUNPATH_SEARCH_PATHS = (
					"$(inherited)",
					"@executable_path/Frameworks",
				);
				PRODUCT_BUNDLE_IDENTIFIER = com.db.chat;
				PRODUCT_NAME = "$(TARGET_NAME)";
				TARGETED_DEVICE_FAMILY = "1,2";
			};
			name = Release;
		};
		23AAE52426ECAFA200A376D5 /* Debug */ = {
			isa = XCBuildConfiguration;
			buildSettings = {
				BUNDLE_LOADER = "$(TEST_HOST)";
				CODE_SIGN_STYLE = Automatic;
				DEVELOPMENT_TEAM = 83MM2D52FD;
				INFOPLIST_FILE = demolldbTests/Info.plist;
				IPHONEOS_DEPLOYMENT_TARGET = 14.5;
				LD_RUNPATH_SEARCH_PATHS = (
					"$(inherited)",
					"@executable_path/Frameworks",
					"@loader_path/Frameworks",
				);
				PRODUCT_BUNDLE_IDENTIFIER = com.db.demolldbTests;
				PRODUCT_NAME = "$(TARGET_NAME)";
				TARGETED_DEVICE_FAMILY = "1,2";
				TEST_HOST = "$(BUILT_PRODUCTS_DIR)/demolldb.app/demolldb";
			};
			name = Debug;
		};
		23AAE52526ECAFA200A376D5 /* Release */ = {
			isa = XCBuildConfiguration;
			buildSettings = {
				BUNDLE_LOADER = "$(TEST_HOST)";
				CODE_SIGN_STYLE = Automatic;
				DEVELOPMENT_TEAM = 83MM2D52FD;
				INFOPLIST_FILE = demolldbTests/Info.plist;
				IPHONEOS_DEPLOYMENT_TARGET = 14.5;
				LD_RUNPATH_SEARCH_PATHS = (
					"$(inherited)",
					"@executable_path/Frameworks",
					"@loader_path/Frameworks",
				);
				PRODUCT_BUNDLE_IDENTIFIER = com.db.demolldbTests;
				PRODUCT_NAME = "$(TARGET_NAME)";
				TARGETED_DEVICE_FAMILY = "1,2";
				TEST_HOST = "$(BUILT_PRODUCTS_DIR)/demolldb.app/demolldb";
			};
			name = Release;
		};
		23AAE52726ECAFA200A376D5 /* Debug */ = {
			isa = XCBuildConfiguration;
			buildSettings = {
				CODE_SIGN_STYLE = Automatic;
				DEVELOPMENT_TEAM = 83MM2D52FD;
				INFOPLIST_FILE = demolldbUITests/Info.plist;
				LD_RUNPATH_SEARCH_PATHS = (
					"$(inherited)",
					"@executable_path/Frameworks",
					"@loader_path/Frameworks",
				);
				PRODUCT_BUNDLE_IDENTIFIER = com.db.demolldbUITests;
				PRODUCT_NAME = "$(TARGET_NAME)";
				TARGETED_DEVICE_FAMILY = "1,2";
				TEST_TARGET_NAME = demolldb;
			};
			name = Debug;
		};
		23AAE52826ECAFA200A376D5 /* Release */ = {
			isa = XCBuildConfiguration;
			buildSettings = {
				CODE_SIGN_STYLE = Automatic;
				DEVELOPMENT_TEAM = 83MM2D52FD;
				INFOPLIST_FILE = demolldbUITests/Info.plist;
				LD_RUNPATH_SEARCH_PATHS = (
					"$(inherited)",
					"@executable_path/Frameworks",
					"@loader_path/Frameworks",
				);
				PRODUCT_BUNDLE_IDENTIFIER = com.db.demolldbUITests;
				PRODUCT_NAME = "$(TARGET_NAME)";
				TARGETED_DEVICE_FAMILY = "1,2";
				TEST_TARGET_NAME = demolldb;
			};
			name = Release;
		};
/* End XCBuildConfiguration section */

/* Begin XCConfigurationList section */
		23AAE4EC26ECAFA000A376D5 /* Build configuration list for PBXProject "demolldb" */ = {
			isa = XCConfigurationList;
			buildConfigurations = (
				23AAE51E26ECAFA200A376D5 /* Debug */,
				23AAE51F26ECAFA200A376D5 /* Release */,
			);
			defaultConfigurationIsVisible = 0;
			defaultConfigurationName = Release;
		};
		23AAE52026ECAFA200A376D5 /* Build configuration list for PBXNativeTarget "demolldb" */ = {
			isa = XCConfigurationList;
			buildConfigurations = (
				23AAE52126ECAFA200A376D5 /* Debug */,
				23AAE52226ECAFA200A376D5 /* Release */,
			);
			defaultConfigurationIsVisible = 0;
			defaultConfigurationName = Release;
		};
		23AAE52326ECAFA200A376D5 /* Build configuration list for PBXNativeTarget "demolldbTests" */ = {
			isa = XCConfigurationList;
			buildConfigurations = (
				23AAE52426ECAFA200A376D5 /* Debug */,
				23AAE52526ECAFA200A376D5 /* Release */,
			);
			defaultConfigurationIsVisible = 0;
			defaultConfigurationName = Release;
		};
		23AAE52626ECAFA200A376D5 /* Build configuration list for PBXNativeTarget "demolldbUITests" */ = {
			isa = XCConfigurationList;
			buildConfigurations = (
				23AAE52726ECAFA200A376D5 /* Debug */,
				23AAE52826ECAFA200A376D5 /* Release */,
			);
			defaultConfigurationIsVisible = 0;
			defaultConfigurationName = Release;
		};
/* End XCConfigurationList section */
	};
	rootObject = 23AAE4E926ECAFA000A376D5 /* Project object */;
}
