// !$*UTF8*$!
{
	archiveVersion = 1;
	classes = {
	};
	objectVersion = 55;
	objects = {

/* Begin PBXBuildFile section */
		4D07A637283CC18A00EFAF39 /* AppDelegate.m in Sources */ = {isa = PBXBuildFile; fileRef = 4D07A636283CC18A00EFAF39 /* AppDelegate.m */; };
		4D07A63A283CC18A00EFAF39 /* SceneDelegate.m in Sources */ = {isa = PBXBuildFile; fileRef = 4D07A639283CC18A00EFAF39 /* SceneDelegate.m */; };
		4D07A63D283CC18A00EFAF39 /* ViewController.m in Sources */ = {isa = PBXBuildFile; fileRef = 4D07A63C283CC18A00EFAF39 /* ViewController.m */; };
		4D07A640283CC18A00EFAF39 /* Main.storyboard in Resources */ = {isa = PBXBuildFile; fileRef = 4D07A63E283CC18A00EFAF39 /* Main.storyboard */; };
		4D07A642283CC18C00EFAF39 /* Assets.xcassets in Resources */ = {isa = PBXBuildFile; fileRef = 4D07A641283CC18C00EFAF39 /* Assets.xcassets */; };
		4D07A645283CC18C00EFAF39 /* LaunchScreen.storyboard in Resources */ = {isa = PBXBuildFile; fileRef = 4D07A643283CC18C00EFAF39 /* LaunchScreen.storyboard */; };
		4D07A648283CC18C00EFAF39 /* main.m in Sources */ = {isa = PBXBuildFile; fileRef = 4D07A647283CC18C00EFAF39 /* main.m */; };
		4D07A656283CC5B400EFAF39 /* AppDelegate.m in Sources */ = {isa = PBXBuildFile; fileRef = 4D07A655283CC5B400EFAF39 /* AppDelegate.m */; };
		4D07A659283CC5B400EFAF39 /* SceneDelegate.m in Sources */ = {isa = PBXBuildFile; fileRef = 4D07A658283CC5B400EFAF39 /* SceneDelegate.m */; };
		4D07A65C283CC5B400EFAF39 /* ViewController.m in Sources */ = {isa = PBXBuildFile; fileRef = 4D07A65B283CC5B400EFAF39 /* ViewController.m */; };
		4D07A65F283CC5B400EFAF39 /* Main.storyboard in Resources */ = {isa = PBXBuildFile; fileRef = 4D07A65D283CC5B400EFAF39 /* Main.storyboard */; };
		4D07A661283CC5B600EFAF39 /* Assets.xcassets in Resources */ = {isa = PBXBuildFile; fileRef = 4D07A660283CC5B600EFAF39 /* Assets.xcassets */; };
		4D07A664283CC5B600EFAF39 /* LaunchScreen.storyboard in Resources */ = {isa = PBXBuildFile; fileRef = 4D07A662283CC5B600EFAF39 /* LaunchScreen.storyboard */; };
		4D07A667283CC5B600EFAF39 /* main.m in Sources */ = {isa = PBXBuildFile; fileRef = 4D07A666283CC5B600EFAF39 /* main.m */; };
		4D07A66C283CC5E100EFAF39 /* friends.plist in Resources */ = {isa = PBXBuildFile; fileRef = 4D07A66B283CC5E100EFAF39 /* friends.plist */; };
		4D07A674283CC6BD00EFAF39 /* LSBFriend.m in Sources */ = {isa = PBXBuildFile; fileRef = 4D07A673283CC6BD00EFAF39 /* LSBFriend.m */; };
		4D07A677283CC6CD00EFAF39 /* LSBGroup.m in Sources */ = {isa = PBXBuildFile; fileRef = 4D07A676283CC6CD00EFAF39 /* LSBGroup.m */; };
		4D07A67A283CCA1900EFAF39 /* LSBTableViewController.m in Sources */ = {isa = PBXBuildFile; fileRef = 4D07A679283CCA1900EFAF39 /* LSBTableViewController.m */; };
		4D07A67D283CCB7300EFAF39 /* LSBFriendCell.m in Sources */ = {isa = PBXBuildFile; fileRef = 4D07A67C283CCB7300EFAF39 /* LSBFriendCell.m */; };
		4D07A680283CD36D00EFAF39 /* LSBHeaderView.m in Sources */ = {isa = PBXBuildFile; fileRef = 4D07A67F283CD36D00EFAF39 /* LSBHeaderView.m */; };
		4D07A68A283CE5A600EFAF39 /* AppDelegate.m in Sources */ = {isa = PBXBuildFile; fileRef = 4D07A689283CE5A600EFAF39 /* AppDelegate.m */; };
		4D07A68D283CE5A600EFAF39 /* SceneDelegate.m in Sources */ = {isa = PBXBuildFile; fileRef = 4D07A68C283CE5A600EFAF39 /* SceneDelegate.m */; };
		4D07A690283CE5A600EFAF39 /* ViewController.m in Sources */ = {isa = PBXBuildFile; fileRef = 4D07A68F283CE5A600EFAF39 /* ViewController.m */; };
		4D07A693283CE5A600EFAF39 /* Main.storyboard in Resources */ = {isa = PBXBuildFile; fileRef = 4D07A691283CE5A600EFAF39 /* Main.storyboard */; };
		4D07A695283CE5A800EFAF39 /* Assets.xcassets in Resources */ = {isa = PBXBuildFile; fileRef = 4D07A694283CE5A800EFAF39 /* Assets.xcassets */; };
		4D07A698283CE5A800EFAF39 /* LaunchScreen.storyboard in Resources */ = {isa = PBXBuildFile; fileRef = 4D07A696283CE5A800EFAF39 /* LaunchScreen.storyboard */; };
		4D07A69B283CE5A800EFAF39 /* main.m in Sources */ = {isa = PBXBuildFile; fileRef = 4D07A69A283CE5A800EFAF39 /* main.m */; };
		4D07A6A0283CE62700EFAF39 /* pic.plist in Resources */ = {isa = PBXBuildFile; fileRef = 4D07A69F283CE62700EFAF39 /* pic.plist */; };
		4D07A6A8283CEA7100EFAF39 /* LSBAppModel.m in Sources */ = {isa = PBXBuildFile; fileRef = 4D07A6A7283CEA7100EFAF39 /* LSBAppModel.m */; };
		4D07A6AB283CEBE500EFAF39 /* LSBAppTableVIewController.m in Sources */ = {isa = PBXBuildFile; fileRef = 4D07A6AA283CEBE500EFAF39 /* LSBAppTableVIewController.m */; };
		4D07A6AE283CED2200EFAF39 /* LSBAppCell.m in Sources */ = {isa = PBXBuildFile; fileRef = 4D07A6AD283CED2200EFAF39 /* LSBAppCell.m */; };
/* End PBXBuildFile section */

/* Begin PBXFileReference section */
		4D07A632283CC18A00EFAF39 /* UIBase08.app */ = {isa = PBXFileReference; explicitFileType = wrapper.application; includeInIndex = 0; path = UIBase08.app; sourceTree = BUILT_PRODUCTS_DIR; };
		4D07A635283CC18A00EFAF39 /* AppDelegate.h */ = {isa = PBXFileReference; lastKnownFileType = sourcecode.c.h; path = AppDelegate.h; sourceTree = "<group>"; };
		4D07A636283CC18A00EFAF39 /* AppDelegate.m */ = {isa = PBXFileReference; lastKnownFileType = sourcecode.c.objc; path = AppDelegate.m; sourceTree = "<group>"; };
		4D07A638283CC18A00EFAF39 /* SceneDelegate.h */ = {isa = PBXFileReference; lastKnownFileType = sourcecode.c.h; path = SceneDelegate.h; sourceTree = "<group>"; };
		4D07A639283CC18A00EFAF39 /* SceneDelegate.m */ = {isa = PBXFileReference; lastKnownFileType = sourcecode.c.objc; path = SceneDelegate.m; sourceTree = "<group>"; };
		4D07A63B283CC18A00EFAF39 /* ViewController.h */ = {isa = PBXFileReference; lastKnownFileType = sourcecode.c.h; path = ViewController.h; sourceTree = "<group>"; };
		4D07A63C283CC18A00EFAF39 /* ViewController.m */ = {isa = PBXFileReference; lastKnownFileType = sourcecode.c.objc; path = ViewController.m; sourceTree = "<group>"; };
		4D07A63F283CC18A00EFAF39 /* Base */ = {isa = PBXFileReference; lastKnownFileType = file.storyboard; name = Base; path = Base.lproj/Main.storyboard; sourceTree = "<group>"; };
		4D07A641283CC18C00EFAF39 /* Assets.xcassets */ = {isa = PBXFileReference; lastKnownFileType = folder.assetcatalog; path = Assets.xcassets; sourceTree = "<group>"; };
		4D07A644283CC18C00EFAF39 /* Base */ = {isa = PBXFileReference; lastKnownFileType = file.storyboard; name = Base; path = Base.lproj/LaunchScreen.storyboard; sourceTree = "<group>"; };
		4D07A646283CC18C00EFAF39 /* Info.plist */ = {isa = PBXFileReference; lastKnownFileType = text.plist.xml; path = Info.plist; sourceTree = "<group>"; };
		4D07A647283CC18C00EFAF39 /* main.m */ = {isa = PBXFileReference; lastKnownFileType = sourcecode.c.objc; path = main.m; sourceTree = "<group>"; };
		4D07A652283CC5B400EFAF39 /* QQfriend.app */ = {isa = PBXFileReference; explicitFileType = wrapper.application; includeInIndex = 0; path = QQfriend.app; sourceTree = BUILT_PRODUCTS_DIR; };
		4D07A654283CC5B400EFAF39 /* AppDelegate.h */ = {isa = PBXFileReference; lastKnownFileType = sourcecode.c.h; path = AppDelegate.h; sourceTree = "<group>"; };
		4D07A655283CC5B400EFAF39 /* AppDelegate.m */ = {isa = PBXFileReference; lastKnownFileType = sourcecode.c.objc; path = AppDelegate.m; sourceTree = "<group>"; };
		4D07A657283CC5B400EFAF39 /* SceneDelegate.h */ = {isa = PBXFileReference; lastKnownFileType = sourcecode.c.h; path = SceneDelegate.h; sourceTree = "<group>"; };
		4D07A658283CC5B400EFAF39 /* SceneDelegate.m */ = {isa = PBXFileReference; lastKnownFileType = sourcecode.c.objc; path = SceneDelegate.m; sourceTree = "<group>"; };
		4D07A65A283CC5B400EFAF39 /* ViewController.h */ = {isa = PBXFileReference; lastKnownFileType = sourcecode.c.h; path = ViewController.h; sourceTree = "<group>"; };
		4D07A65B283CC5B400EFAF39 /* ViewController.m */ = {isa = PBXFileReference; lastKnownFileType = sourcecode.c.objc; path = ViewController.m; sourceTree = "<group>"; };
		4D07A65E283CC5B400EFAF39 /* Base */ = {isa = PBXFileReference; lastKnownFileType = file.storyboard; name = Base; path = Base.lproj/Main.storyboard; sourceTree = "<group>"; };
		4D07A660283CC5B600EFAF39 /* Assets.xcassets */ = {isa = PBXFileReference; lastKnownFileType = folder.assetcatalog; path = Assets.xcassets; sourceTree = "<group>"; };
		4D07A663283CC5B600EFAF39 /* Base */ = {isa = PBXFileReference; lastKnownFileType = file.storyboard; name = Base; path = Base.lproj/LaunchScreen.storyboard; sourceTree = "<group>"; };
		4D07A665283CC5B600EFAF39 /* Info.plist */ = {isa = PBXFileReference; lastKnownFileType = text.plist.xml; path = Info.plist; sourceTree = "<group>"; };
		4D07A666283CC5B600EFAF39 /* main.m */ = {isa = PBXFileReference; lastKnownFileType = sourcecode.c.objc; path = main.m; sourceTree = "<group>"; };
		4D07A66B283CC5E100EFAF39 /* friends.plist */ = {isa = PBXFileReference; fileEncoding = 4; lastKnownFileType = text.plist.xml; path = friends.plist; sourceTree = "<group>"; };
		4D07A672283CC6BD00EFAF39 /* LSBFriend.h */ = {isa = PBXFileReference; lastKnownFileType = sourcecode.c.h; path = LSBFriend.h; sourceTree = "<group>"; };
		4D07A673283CC6BD00EFAF39 /* LSBFriend.m */ = {isa = PBXFileReference; lastKnownFileType = sourcecode.c.objc; path = LSBFriend.m; sourceTree = "<group>"; };
		4D07A675283CC6CD00EFAF39 /* LSBGroup.h */ = {isa = PBXFileReference; lastKnownFileType = sourcecode.c.h; path = LSBGroup.h; sourceTree = "<group>"; };
		4D07A676283CC6CD00EFAF39 /* LSBGroup.m */ = {isa = PBXFileReference; lastKnownFileType = sourcecode.c.objc; path = LSBGroup.m; sourceTree = "<group>"; };
		4D07A678283CCA1900EFAF39 /* LSBTableViewController.h */ = {isa = PBXFileReference; lastKnownFileType = sourcecode.c.h; path = LSBTableViewController.h; sourceTree = "<group>"; };
		4D07A679283CCA1900EFAF39 /* LSBTableViewController.m */ = {isa = PBXFileReference; lastKnownFileType = sourcecode.c.objc; path = LSBTableViewController.m; sourceTree = "<group>"; };
		4D07A67B283CCB7300EFAF39 /* LSBFriendCell.h */ = {isa = PBXFileReference; lastKnownFileType = sourcecode.c.h; path = LSBFriendCell.h; sourceTree = "<group>"; };
		4D07A67C283CCB7300EFAF39 /* LSBFriendCell.m */ = {isa = PBXFileReference; lastKnownFileType = sourcecode.c.objc; path = LSBFriendCell.m; sourceTree = "<group>"; };
		4D07A67E283CD36D00EFAF39 /* LSBHeaderView.h */ = {isa = PBXFileReference; lastKnownFileType = sourcecode.c.h; path = LSBHeaderView.h; sourceTree = "<group>"; };
		4D07A67F283CD36D00EFAF39 /* LSBHeaderView.m */ = {isa = PBXFileReference; lastKnownFileType = sourcecode.c.objc; path = LSBHeaderView.m; sourceTree = "<group>"; };
		4D07A686283CE5A600EFAF39 /* AppManagement.app */ = {isa = PBXFileReference; explicitFileType = wrapper.application; includeInIndex = 0; path = AppManagement.app; sourceTree = BUILT_PRODUCTS_DIR; };
		4D07A688283CE5A600EFAF39 /* AppDelegate.h */ = {isa = PBXFileReference; lastKnownFileType = sourcecode.c.h; path = AppDelegate.h; sourceTree = "<group>"; };
		4D07A689283CE5A600EFAF39 /* AppDelegate.m */ = {isa = PBXFileReference; lastKnownFileType = sourcecode.c.objc; path = AppDelegate.m; sourceTree = "<group>"; };
		4D07A68B283CE5A600EFAF39 /* SceneDelegate.h */ = {isa = PBXFileReference; lastKnownFileType = sourcecode.c.h; path = SceneDelegate.h; sourceTree = "<group>"; };
		4D07A68C283CE5A600EFAF39 /* SceneDelegate.m */ = {isa = PBXFileReference; lastKnownFileType = sourcecode.c.objc; path = SceneDelegate.m; sourceTree = "<group>"; };
		4D07A68E283CE5A600EFAF39 /* ViewController.h */ = {isa = PBXFileReference; lastKnownFileType = sourcecode.c.h; path = ViewController.h; sourceTree = "<group>"; };
		4D07A68F283CE5A600EFAF39 /* ViewController.m */ = {isa = PBXFileReference; lastKnownFileType = sourcecode.c.objc; path = ViewController.m; sourceTree = "<group>"; };
		4D07A692283CE5A600EFAF39 /* Base */ = {isa = PBXFileReference; lastKnownFileType = file.storyboard; name = Base; path = Base.lproj/Main.storyboard; sourceTree = "<group>"; };
		4D07A694283CE5A800EFAF39 /* Assets.xcassets */ = {isa = PBXFileReference; lastKnownFileType = folder.assetcatalog; path = Assets.xcassets; sourceTree = "<group>"; };
		4D07A697283CE5A800EFAF39 /* Base */ = {isa = PBXFileReference; lastKnownFileType = file.storyboard; name = Base; path = Base.lproj/LaunchScreen.storyboard; sourceTree = "<group>"; };
		4D07A699283CE5A800EFAF39 /* Info.plist */ = {isa = PBXFileReference; lastKnownFileType = text.plist.xml; path = Info.plist; sourceTree = "<group>"; };
		4D07A69A283CE5A800EFAF39 /* main.m */ = {isa = PBXFileReference; lastKnownFileType = sourcecode.c.objc; path = main.m; sourceTree = "<group>"; };
		4D07A69F283CE62700EFAF39 /* pic.plist */ = {isa = PBXFileReference; fileEncoding = 4; lastKnownFileType = text.plist.xml; path = pic.plist; sourceTree = "<group>"; };
		4D07A6A6283CEA7100EFAF39 /* LSBAppModel.h */ = {isa = PBXFileReference; lastKnownFileType = sourcecode.c.h; path = LSBAppModel.h; sourceTree = "<group>"; };
		4D07A6A7283CEA7100EFAF39 /* LSBAppModel.m */ = {isa = PBXFileReference; lastKnownFileType = sourcecode.c.objc; path = LSBAppModel.m; sourceTree = "<group>"; };
		4D07A6A9283CEBE500EFAF39 /* LSBAppTableVIewController.h */ = {isa = PBXFileReference; lastKnownFileType = sourcecode.c.h; path = LSBAppTableVIewController.h; sourceTree = "<group>"; };
		4D07A6AA283CEBE500EFAF39 /* LSBAppTableVIewController.m */ = {isa = PBXFileReference; lastKnownFileType = sourcecode.c.objc; path = LSBAppTableVIewController.m; sourceTree = "<group>"; };
		4D07A6AC283CED2200EFAF39 /* LSBAppCell.h */ = {isa = PBXFileReference; lastKnownFileType = sourcecode.c.h; path = LSBAppCell.h; sourceTree = "<group>"; };
		4D07A6AD283CED2200EFAF39 /* LSBAppCell.m */ = {isa = PBXFileReference; lastKnownFileType = sourcecode.c.objc; path = LSBAppCell.m; sourceTree = "<group>"; };
/* End PBXFileReference section */

/* Begin PBXFrameworksBuildPhase section */
		4D07A62F283CC18A00EFAF39 /* Frameworks */ = {
			isa = PBXFrameworksBuildPhase;
			buildActionMask = 2147483647;
			files = (
			);
			runOnlyForDeploymentPostprocessing = 0;
		};
		4D07A64F283CC5B400EFAF39 /* Frameworks */ = {
			isa = PBXFrameworksBuildPhase;
			buildActionMask = 2147483647;
			files = (
			);
			runOnlyForDeploymentPostprocessing = 0;
		};
		4D07A683283CE5A600EFAF39 /* Frameworks */ = {
			isa = PBXFrameworksBuildPhase;
			buildActionMask = 2147483647;
			files = (
			);
			runOnlyForDeploymentPostprocessing = 0;
		};
/* End PBXFrameworksBuildPhase section */

/* Begin PBXGroup section */
		4D07A629283CC18A00EFAF39 = {
			isa = PBXGroup;
			children = (
				4D07A634283CC18A00EFAF39 /* UIBase08 */,
				4D07A653283CC5B400EFAF39 /* QQfriend */,
				4D07A687283CE5A600EFAF39 /* AppManagement */,
				4D07A633283CC18A00EFAF39 /* Products */,
			);
			sourceTree = "<group>";
		};
		4D07A633283CC18A00EFAF39 /* Products */ = {
			isa = PBXGroup;
			children = (
				4D07A632283CC18A00EFAF39 /* UIBase08.app */,
				4D07A652283CC5B400EFAF39 /* QQfriend.app */,
				4D07A686283CE5A600EFAF39 /* AppManagement.app */,
			);
			name = Products;
			sourceTree = "<group>";
		};
		4D07A634283CC18A00EFAF39 /* UIBase08 */ = {
			isa = PBXGroup;
			children = (
				4D07A635283CC18A00EFAF39 /* AppDelegate.h */,
				4D07A636283CC18A00EFAF39 /* AppDelegate.m */,
				4D07A638283CC18A00EFAF39 /* SceneDelegate.h */,
				4D07A639283CC18A00EFAF39 /* SceneDelegate.m */,
				4D07A63B283CC18A00EFAF39 /* ViewController.h */,
				4D07A63C283CC18A00EFAF39 /* ViewController.m */,
				4D07A63E283CC18A00EFAF39 /* Main.storyboard */,
				4D07A641283CC18C00EFAF39 /* Assets.xcassets */,
				4D07A643283CC18C00EFAF39 /* LaunchScreen.storyboard */,
				4D07A646283CC18C00EFAF39 /* Info.plist */,
				4D07A647283CC18C00EFAF39 /* main.m */,
			);
			path = UIBase08;
			sourceTree = "<group>";
		};
		4D07A653283CC5B400EFAF39 /* QQfriend */ = {
			isa = PBXGroup;
			children = (
				4D07A671283CC64800EFAF39 /* Support Files */,
				4D07A670283CC62900EFAF39 /* Others */,
				4D07A66F283CC61E00EFAF39 /* Controllers */,
				4D07A66E283CC60E00EFAF39 /* Views */,
				4D07A66D283CC60400EFAF39 /* Models */,
				4D07A666283CC5B600EFAF39 /* main.m */,
			);
			path = QQfriend;
			sourceTree = "<group>";
		};
		4D07A66D283CC60400EFAF39 /* Models */ = {
			isa = PBXGroup;
			children = (
				4D07A672283CC6BD00EFAF39 /* LSBFriend.h */,
				4D07A673283CC6BD00EFAF39 /* LSBFriend.m */,
				4D07A675283CC6CD00EFAF39 /* LSBGroup.h */,
				4D07A676283CC6CD00EFAF39 /* LSBGroup.m */,
			);
			name = Models;
			sourceTree = "<group>";
		};
		4D07A66E283CC60E00EFAF39 /* Views */ = {
			isa = PBXGroup;
			children = (
				4D07A662283CC5B600EFAF39 /* LaunchScreen.storyboard */,
				4D07A65D283CC5B400EFAF39 /* Main.storyboard */,
				4D07A67B283CCB7300EFAF39 /* LSBFriendCell.h */,
				4D07A67C283CCB7300EFAF39 /* LSBFriendCell.m */,
				4D07A67E283CD36D00EFAF39 /* LSBHeaderView.h */,
				4D07A67F283CD36D00EFAF39 /* LSBHeaderView.m */,
			);
			name = Views;
			sourceTree = "<group>";
		};
		4D07A66F283CC61E00EFAF39 /* Controllers */ = {
			isa = PBXGroup;
			children = (
				4D07A65A283CC5B400EFAF39 /* ViewController.h */,
				4D07A65B283CC5B400EFAF39 /* ViewController.m */,
				4D07A678283CCA1900EFAF39 /* LSBTableViewController.h */,
				4D07A679283CCA1900EFAF39 /* LSBTableViewController.m */,
			);
			name = Controllers;
			sourceTree = "<group>";
		};
		4D07A670283CC62900EFAF39 /* Others */ = {
			isa = PBXGroup;
			children = (
				4D07A654283CC5B400EFAF39 /* AppDelegate.h */,
				4D07A655283CC5B400EFAF39 /* AppDelegate.m */,
				4D07A657283CC5B400EFAF39 /* SceneDelegate.h */,
				4D07A658283CC5B400EFAF39 /* SceneDelegate.m */,
			);
			name = Others;
			sourceTree = "<group>";
		};
		4D07A671283CC64800EFAF39 /* Support Files */ = {
			isa = PBXGroup;
			children = (
				4D07A660283CC5B600EFAF39 /* Assets.xcassets */,
				4D07A66B283CC5E100EFAF39 /* friends.plist */,
				4D07A665283CC5B600EFAF39 /* Info.plist */,
			);
			name = "Support Files";
			sourceTree = "<group>";
		};
		4D07A687283CE5A600EFAF39 /* AppManagement */ = {
			isa = PBXGroup;
			children = (
				4D07A6A5283CE65C00EFAF39 /* Support Files */,
				4D07A6A4283CE65400EFAF39 /* Others */,
				4D07A6A3283CE64D00EFAF39 /* Controllers */,
				4D07A6A2283CE64600EFAF39 /* Views */,
				4D07A6A1283CE63E00EFAF39 /* Models */,
				4D07A69A283CE5A800EFAF39 /* main.m */,
			);
			path = AppManagement;
			sourceTree = "<group>";
		};
		4D07A6A1283CE63E00EFAF39 /* Models */ = {
			isa = PBXGroup;
			children = (
				4D07A6A6283CEA7100EFAF39 /* LSBAppModel.h */,
				4D07A6A7283CEA7100EFAF39 /* LSBAppModel.m */,
			);
			name = Models;
			sourceTree = "<group>";
		};
		4D07A6A2283CE64600EFAF39 /* Views */ = {
			isa = PBXGroup;
			children = (
				4D07A691283CE5A600EFAF39 /* Main.storyboard */,
				4D07A696283CE5A800EFAF39 /* LaunchScreen.storyboard */,
				4D07A6AC283CED2200EFAF39 /* LSBAppCell.h */,
				4D07A6AD283CED2200EFAF39 /* LSBAppCell.m */,
			);
			name = Views;
			sourceTree = "<group>";
		};
		4D07A6A3283CE64D00EFAF39 /* Controllers */ = {
			isa = PBXGroup;
			children = (
				4D07A68E283CE5A600EFAF39 /* ViewController.h */,
				4D07A68F283CE5A600EFAF39 /* ViewController.m */,
				4D07A6A9283CEBE500EFAF39 /* LSBAppTableVIewController.h */,
				4D07A6AA283CEBE500EFAF39 /* LSBAppTableVIewController.m */,
			);
			name = Controllers;
			sourceTree = "<group>";
		};
		4D07A6A4283CE65400EFAF39 /* Others */ = {
			isa = PBXGroup;
			children = (
				4D07A688283CE5A600EFAF39 /* AppDelegate.h */,
				4D07A689283CE5A600EFAF39 /* AppDelegate.m */,
				4D07A68B283CE5A600EFAF39 /* SceneDelegate.h */,
				4D07A68C283CE5A600EFAF39 /* SceneDelegate.m */,
			);
			name = Others;
			sourceTree = "<group>";
		};
		4D07A6A5283CE65C00EFAF39 /* Support Files */ = {
			isa = PBXGroup;
			children = (
				4D07A694283CE5A800EFAF39 /* Assets.xcassets */,
				4D07A699283CE5A800EFAF39 /* Info.plist */,
				4D07A69F283CE62700EFAF39 /* pic.plist */,
			);
			name = "Support Files";
			sourceTree = "<group>";
		};
/* End PBXGroup section */

/* Begin PBXNativeTarget section */
		4D07A631283CC18A00EFAF39 /* UIBase08 */ = {
			isa = PBXNativeTarget;
			buildConfigurationList = 4D07A64B283CC18C00EFAF39 /* Build configuration list for PBXNativeTarget "UIBase08" */;
			buildPhases = (
				4D07A62E283CC18A00EFAF39 /* Sources */,
				4D07A62F283CC18A00EFAF39 /* Frameworks */,
				4D07A630283CC18A00EFAF39 /* Resources */,
			);
			buildRules = (
			);
			dependencies = (
			);
			name = UIBase08;
			productName = UIBase08;
			productReference = 4D07A632283CC18A00EFAF39 /* UIBase08.app */;
			productType = "com.apple.product-type.application";
		};
		4D07A651283CC5B400EFAF39 /* QQfriend */ = {
			isa = PBXNativeTarget;
			buildConfigurationList = 4D07A668283CC5B600EFAF39 /* Build configuration list for PBXNativeTarget "QQfriend" */;
			buildPhases = (
				4D07A64E283CC5B400EFAF39 /* Sources */,
				4D07A64F283CC5B400EFAF39 /* Frameworks */,
				4D07A650283CC5B400EFAF39 /* Resources */,
			);
			buildRules = (
			);
			dependencies = (
			);
			name = QQfriend;
			productName = QQfriend;
			productReference = 4D07A652283CC5B400EFAF39 /* QQfriend.app */;
			productType = "com.apple.product-type.application";
		};
		4D07A685283CE5A600EFAF39 /* AppManagement */ = {
			isa = PBXNativeTarget;
			buildConfigurationList = 4D07A69C283CE5A800EFAF39 /* Build configuration list for PBXNativeTarget "AppManagement" */;
			buildPhases = (
				4D07A682283CE5A600EFAF39 /* Sources */,
				4D07A683283CE5A600EFAF39 /* Frameworks */,
				4D07A684283CE5A600EFAF39 /* Resources */,
			);
			buildRules = (
			);
			dependencies = (
			);
			name = AppManagement;
			productName = AppManagement;
			productReference = 4D07A686283CE5A600EFAF39 /* AppManagement.app */;
			productType = "com.apple.product-type.application";
		};
/* End PBXNativeTarget section */

/* Begin PBXProject section */
		4D07A62A283CC18A00EFAF39 /* Project object */ = {
			isa = PBXProject;
			attributes = {
				BuildIndependentTargetsInParallel = 1;
				CLASSPREFIX = LSB;
				LastUpgradeCheck = 1340;
				TargetAttributes = {
					4D07A631283CC18A00EFAF39 = {
						CreatedOnToolsVersion = 13.4;
					};
					4D07A651283CC5B400EFAF39 = {
						CreatedOnToolsVersion = 13.4;
					};
					4D07A685283CE5A600EFAF39 = {
						CreatedOnToolsVersion = 13.4;
					};
				};
			};
			buildConfigurationList = 4D07A62D283CC18A00EFAF39 /* Build configuration list for PBXProject "UIBase08" */;
			compatibilityVersion = "Xcode 13.0";
			developmentRegion = en;
			hasScannedForEncodings = 0;
			knownRegions = (
				en,
				Base,
			);
			mainGroup = 4D07A629283CC18A00EFAF39;
			productRefGroup = 4D07A633283CC18A00EFAF39 /* Products */;
			projectDirPath = "";
			projectRoot = "";
			targets = (
				4D07A631283CC18A00EFAF39 /* UIBase08 */,
				4D07A651283CC5B400EFAF39 /* QQfriend */,
				4D07A685283CE5A600EFAF39 /* AppManagement */,
			);
		};
/* End PBXProject section */

/* Begin PBXResourcesBuildPhase section */
		4D07A630283CC18A00EFAF39 /* Resources */ = {
			isa = PBXResourcesBuildPhase;
			buildActionMask = 2147483647;
			files = (
				4D07A645283CC18C00EFAF39 /* LaunchScreen.storyboard in Resources */,
				4D07A642283CC18C00EFAF39 /* Assets.xcassets in Resources */,
				4D07A640283CC18A00EFAF39 /* Main.storyboard in Resources */,
			);
			runOnlyForDeploymentPostprocessing = 0;
		};
		4D07A650283CC5B400EFAF39 /* Resources */ = {
			isa = PBXResourcesBuildPhase;
			buildActionMask = 2147483647;
			files = (
				4D07A664283CC5B600EFAF39 /* LaunchScreen.storyboard in Resources */,
				4D07A661283CC5B600EFAF39 /* Assets.xcassets in Resources */,
				4D07A66C283CC5E100EFAF39 /* friends.plist in Resources */,
				4D07A65F283CC5B400EFAF39 /* Main.storyboard in Resources */,
			);
			runOnlyForDeploymentPostprocessing = 0;
		};
		4D07A684283CE5A600EFAF39 /* Resources */ = {
			isa = PBXResourcesBuildPhase;
			buildActionMask = 2147483647;
			files = (
				4D07A698283CE5A800EFAF39 /* LaunchScreen.storyboard in Resources */,
				4D07A695283CE5A800EFAF39 /* Assets.xcassets in Resources */,
				4D07A693283CE5A600EFAF39 /* Main.storyboard in Resources */,
				4D07A6A0283CE62700EFAF39 /* pic.plist in Resources */,
			);
			runOnlyForDeploymentPostprocessing = 0;
		};
/* End PBXResourcesBuildPhase section */

/* Begin PBXSourcesBuildPhase section */
		4D07A62E283CC18A00EFAF39 /* Sources */ = {
			isa = PBXSourcesBuildPhase;
			buildActionMask = 2147483647;
			files = (
				4D07A63D283CC18A00EFAF39 /* ViewController.m in Sources */,
				4D07A637283CC18A00EFAF39 /* AppDelegate.m in Sources */,
				4D07A648283CC18C00EFAF39 /* main.m in Sources */,
				4D07A63A283CC18A00EFAF39 /* SceneDelegate.m in Sources */,
			);
			runOnlyForDeploymentPostprocessing = 0;
		};
		4D07A64E283CC5B400EFAF39 /* Sources */ = {
			isa = PBXSourcesBuildPhase;
			buildActionMask = 2147483647;
			files = (
				4D07A67A283CCA1900EFAF39 /* LSBTableViewController.m in Sources */,
				4D07A65C283CC5B400EFAF39 /* ViewController.m in Sources */,
				4D07A677283CC6CD00EFAF39 /* LSBGroup.m in Sources */,
				4D07A67D283CCB7300EFAF39 /* LSBFriendCell.m in Sources */,
				4D07A656283CC5B400EFAF39 /* AppDelegate.m in Sources */,
				4D07A674283CC6BD00EFAF39 /* LSBFriend.m in Sources */,
				4D07A667283CC5B600EFAF39 /* main.m in Sources */,
				4D07A659283CC5B400EFAF39 /* SceneDelegate.m in Sources */,
				4D07A680283CD36D00EFAF39 /* LSBHeaderView.m in Sources */,
			);
			runOnlyForDeploymentPostprocessing = 0;
		};
		4D07A682283CE5A600EFAF39 /* Sources */ = {
			isa = PBXSourcesBuildPhase;
			buildActionMask = 2147483647;
			files = (
				4D07A6AE283CED2200EFAF39 /* LSBAppCell.m in Sources */,
				4D07A690283CE5A600EFAF39 /* ViewController.m in Sources */,
				4D07A68A283CE5A600EFAF39 /* AppDelegate.m in Sources */,
				4D07A69B283CE5A800EFAF39 /* main.m in Sources */,
				4D07A6AB283CEBE500EFAF39 /* LSBAppTableVIewController.m in Sources */,
				4D07A6A8283CEA7100EFAF39 /* LSBAppModel.m in Sources */,
				4D07A68D283CE5A600EFAF39 /* SceneDelegate.m in Sources */,
			);
			runOnlyForDeploymentPostprocessing = 0;
		};
/* End PBXSourcesBuildPhase section */

/* Begin PBXVariantGroup section */
		4D07A63E283CC18A00EFAF39 /* Main.storyboard */ = {
			isa = PBXVariantGroup;
			children = (
				4D07A63F283CC18A00EFAF39 /* Base */,
			);
			name = Main.storyboard;
			sourceTree = "<group>";
		};
		4D07A643283CC18C00EFAF39 /* LaunchScreen.storyboard */ = {
			isa = PBXVariantGroup;
			children = (
				4D07A644283CC18C00EFAF39 /* Base */,
			);
			name = LaunchScreen.storyboard;
			sourceTree = "<group>";
		};
		4D07A65D283CC5B400EFAF39 /* Main.storyboard */ = {
			isa = PBXVariantGroup;
			children = (
				4D07A65E283CC5B400EFAF39 /* Base */,
			);
			name = Main.storyboard;
			sourceTree = "<group>";
		};
		4D07A662283CC5B600EFAF39 /* LaunchScreen.storyboard */ = {
			isa = PBXVariantGroup;
			children = (
				4D07A663283CC5B600EFAF39 /* Base */,
			);
			name = LaunchScreen.storyboard;
			sourceTree = "<group>";
		};
		4D07A691283CE5A600EFAF39 /* Main.storyboard */ = {
			isa = PBXVariantGroup;
			children = (
				4D07A692283CE5A600EFAF39 /* Base */,
			);
			name = Main.storyboard;
			sourceTree = "<group>";
		};
		4D07A696283CE5A800EFAF39 /* LaunchScreen.storyboard */ = {
			isa = PBXVariantGroup;
			children = (
				4D07A697283CE5A800EFAF39 /* Base */,
			);
			name = LaunchScreen.storyboard;
			sourceTree = "<group>";
		};
/* End PBXVariantGroup section */

/* Begin XCBuildConfiguration section */
		4D07A649283CC18C00EFAF39 /* Debug */ = {
			isa = XCBuildConfiguration;
			buildSettings = {
				ALWAYS_SEARCH_USER_PATHS = NO;
				CLANG_ANALYZER_NONNULL = YES;
				CLANG_ANALYZER_NUMBER_OBJECT_CONVERSION = YES_AGGRESSIVE;
				CLANG_CXX_LANGUAGE_STANDARD = "gnu++17";
				CLANG_ENABLE_MODULES = YES;
				CLANG_ENABLE_OBJC_ARC = YES;
				CLANG_ENABLE_OBJC_WEAK = YES;
				CLANG_WARN_BLOCK_CAPTURE_AUTORELEASING = YES;
				CLANG_WARN_BOOL_CONVERSION = YES;
				CLANG_WARN_COMMA = YES;
				CLANG_WARN_CONSTANT_CONVERSION = YES;
				CLANG_WARN_DEPRECATED_OBJC_IMPLEMENTATIONS = YES;
				CLANG_WARN_DIRECT_OBJC_ISA_USAGE = YES_ERROR;
				CLANG_WARN_DOCUMENTATION_COMMENTS = YES;
				CLANG_WARN_EMPTY_BODY = YES;
				CLANG_WARN_ENUM_CONVERSION = YES;
				CLANG_WARN_INFINITE_RECURSION = YES;
				CLANG_WARN_INT_CONVERSION = YES;
				CLANG_WARN_NON_LITERAL_NULL_CONVERSION = YES;
				CLANG_WARN_OBJC_IMPLICIT_RETAIN_SELF = YES;
				CLANG_WARN_OBJC_LITERAL_CONVERSION = YES;
				CLANG_WARN_OBJC_ROOT_CLASS = YES_ERROR;
				CLANG_WARN_QUOTED_INCLUDE_IN_FRAMEWORK_HEADER = YES;
				CLANG_WARN_RANGE_LOOP_ANALYSIS = YES;
				CLANG_WARN_STRICT_PROTOTYPES = YES;
				CLANG_WARN_SUSPICIOUS_MOVE = YES;
				CLANG_WARN_UNGUARDED_AVAILABILITY = YES_AGGRESSIVE;
				CLANG_WARN_UNREACHABLE_CODE = YES;
				CLANG_WARN__DUPLICATE_METHOD_MATCH = YES;
				COPY_PHASE_STRIP = NO;
				DEBUG_INFORMATION_FORMAT = dwarf;
				ENABLE_STRICT_OBJC_MSGSEND = YES;
				ENABLE_TESTABILITY = YES;
				GCC_C_LANGUAGE_STANDARD = gnu11;
				GCC_DYNAMIC_NO_PIC = NO;
				GCC_NO_COMMON_BLOCKS = YES;
				GCC_OPTIMIZATION_LEVEL = 0;
				GCC_PREPROCESSOR_DEFINITIONS = (
					"DEBUG=1",
					"$(inherited)",
				);
				GCC_WARN_64_TO_32_BIT_CONVERSION = YES;
				GCC_WARN_ABOUT_RETURN_TYPE = YES_ERROR;
				GCC_WARN_UNDECLARED_SELECTOR = YES;
				GCC_WARN_UNINITIALIZED_AUTOS = YES_AGGRESSIVE;
				GCC_WARN_UNUSED_FUNCTION = YES;
				GCC_WARN_UNUSED_VARIABLE = YES;
				IPHONEOS_DEPLOYMENT_TARGET = 15.5;
				MTL_ENABLE_DEBUG_INFO = INCLUDE_SOURCE;
				MTL_FAST_MATH = YES;
				ONLY_ACTIVE_ARCH = YES;
				SDKROOT = iphoneos;
			};
			name = Debug;
		};
		4D07A64A283CC18C00EFAF39 /* Release */ = {
			isa = XCBuildConfiguration;
			buildSettings = {
				ALWAYS_SEARCH_USER_PATHS = NO;
				CLANG_ANALYZER_NONNULL = YES;
				CLANG_ANALYZER_NUMBER_OBJECT_CONVERSION = YES_AGGRESSIVE;
				CLANG_CXX_LANGUAGE_STANDARD = "gnu++17";
				CLANG_ENABLE_MODULES = YES;
				CLANG_ENABLE_OBJC_ARC = YES;
				CLANG_ENABLE_OBJC_WEAK = YES;
				CLANG_WARN_BLOCK_CAPTURE_AUTORELEASING = YES;
				CLANG_WARN_BOOL_CONVERSION = YES;
				CLANG_WARN_COMMA = YES;
				CLANG_WARN_CONSTANT_CONVERSION = YES;
				CLANG_WARN_DEPRECATED_OBJC_IMPLEMENTATIONS = YES;
				CLANG_WARN_DIRECT_OBJC_ISA_USAGE = YES_ERROR;
				CLANG_WARN_DOCUMENTATION_COMMENTS = YES;
				CLANG_WARN_EMPTY_BODY = YES;
				CLANG_WARN_ENUM_CONVERSION = YES;
				CLANG_WARN_INFINITE_RECURSION = YES;
				CLANG_WARN_INT_CONVERSION = YES;
				CLANG_WARN_NON_LITERAL_NULL_CONVERSION = YES;
				CLANG_WARN_OBJC_IMPLICIT_RETAIN_SELF = YES;
				CLANG_WARN_OBJC_LITERAL_CONVERSION = YES;
				CLANG_WARN_OBJC_ROOT_CLASS = YES_ERROR;
				CLANG_WARN_QUOTED_INCLUDE_IN_FRAMEWORK_HEADER = YES;
				CLANG_WARN_RANGE_LOOP_ANALYSIS = YES;
				CLANG_WARN_STRICT_PROTOTYPES = YES;
				CLANG_WARN_SUSPICIOUS_MOVE = YES;
				CLANG_WARN_UNGUARDED_AVAILABILITY = YES_AGGRESSIVE;
				CLANG_WARN_UNREACHABLE_CODE = YES;
				CLANG_WARN__DUPLICATE_METHOD_MATCH = YES;
				COPY_PHASE_STRIP = NO;
				DEBUG_INFORMATION_FORMAT = "dwarf-with-dsym";
				ENABLE_NS_ASSERTIONS = NO;
				ENABLE_STRICT_OBJC_MSGSEND = YES;
				GCC_C_LANGUAGE_STANDARD = gnu11;
				GCC_NO_COMMON_BLOCKS = YES;
				GCC_WARN_64_TO_32_BIT_CONVERSION = YES;
				GCC_WARN_ABOUT_RETURN_TYPE = YES_ERROR;
				GCC_WARN_UNDECLARED_SELECTOR = YES;
				GCC_WARN_UNINITIALIZED_AUTOS = YES_AGGRESSIVE;
				GCC_WARN_UNUSED_FUNCTION = YES;
				GCC_WARN_UNUSED_VARIABLE = YES;
				IPHONEOS_DEPLOYMENT_TARGET = 15.5;
				MTL_ENABLE_DEBUG_INFO = NO;
				MTL_FAST_MATH = YES;
				SDKROOT = iphoneos;
				VALIDATE_PRODUCT = YES;
			};
			name = Release;
		};
		4D07A64C283CC18C00EFAF39 /* Debug */ = {
			isa = XCBuildConfiguration;
			buildSettings = {
				ASSETCATALOG_COMPILER_APPICON_NAME = AppIcon;
				ASSETCATALOG_COMPILER_GLOBAL_ACCENT_COLOR_NAME = AccentColor;
				CODE_SIGN_STYLE = Automatic;
				CURRENT_PROJECT_VERSION = 1;
				GENERATE_INFOPLIST_FILE = YES;
				INFOPLIST_FILE = UIBase08/Info.plist;
				INFOPLIST_KEY_UIApplicationSupportsIndirectInputEvents = YES;
				INFOPLIST_KEY_UILaunchStoryboardName = LaunchScreen;
				INFOPLIST_KEY_UIMainStoryboardFile = Main;
				INFOPLIST_KEY_UISupportedInterfaceOrientations_iPad = "UIInterfaceOrientationPortrait UIInterfaceOrientationPortraitUpsideDown UIInterfaceOrientationLandscapeLeft UIInterfaceOrientationLandscapeRight";
				INFOPLIST_KEY_UISupportedInterfaceOrientations_iPhone = "UIInterfaceOrientationPortrait UIInterfaceOrientationLandscapeLeft UIInterfaceOrientationLandscapeRight";
				LD_RUNPATH_SEARCH_PATHS = (
					"$(inherited)",
					"@executable_path/Frameworks",
				);
				MARKETING_VERSION = 1.0;
				PRODUCT_BUNDLE_IDENTIFIER = com.lsb.UIBase08;
				PRODUCT_NAME = "$(TARGET_NAME)";
				SWIFT_EMIT_LOC_STRINGS = YES;
				TARGETED_DEVICE_FAMILY = "1,2";
			};
			name = Debug;
		};
		4D07A64D283CC18C00EFAF39 /* Release */ = {
			isa = XCBuildConfiguration;
			buildSettings = {
				ASSETCATALOG_COMPILER_APPICON_NAME = AppIcon;
				ASSETCATALOG_COMPILER_GLOBAL_ACCENT_COLOR_NAME = AccentColor;
				CODE_SIGN_STYLE = Automatic;
				CURRENT_PROJECT_VERSION = 1;
				GENERATE_INFOPLIST_FILE = YES;
				INFOPLIST_FILE = UIBase08/Info.plist;
				INFOPLIST_KEY_UIApplicationSupportsIndirectInputEvents = YES;
				INFOPLIST_KEY_UILaunchStoryboardName = LaunchScreen;
				INFOPLIST_KEY_UIMainStoryboardFile = Main;
				INFOPLIST_KEY_UISupportedInterfaceOrientations_iPad = "UIInterfaceOrientationPortrait UIInterfaceOrientationPortraitUpsideDown UIInterfaceOrientationLandscapeLeft UIInterfaceOrientationLandscapeRight";
				INFOPLIST_KEY_UISupportedInterfaceOrientations_iPhone = "UIInterfaceOrientationPortrait UIInterfaceOrientationLandscapeLeft UIInterfaceOrientationLandscapeRight";
				LD_RUNPATH_SEARCH_PATHS = (
					"$(inherited)",
					"@executable_path/Frameworks",
				);
				MARKETING_VERSION = 1.0;
				PRODUCT_BUNDLE_IDENTIFIER = com.lsb.UIBase08;
				PRODUCT_NAME = "$(TARGET_NAME)";
				SWIFT_EMIT_LOC_STRINGS = YES;
				TARGETED_DEVICE_FAMILY = "1,2";
			};
			name = Release;
		};
		4D07A669283CC5B600EFAF39 /* Debug */ = {
			isa = XCBuildConfiguration;
			buildSettings = {
				ASSETCATALOG_COMPILER_APPICON_NAME = AppIcon;
				ASSETCATALOG_COMPILER_GLOBAL_ACCENT_COLOR_NAME = AccentColor;
				CODE_SIGN_STYLE = Automatic;
				CURRENT_PROJECT_VERSION = 1;
				GENERATE_INFOPLIST_FILE = YES;
				INFOPLIST_FILE = QQfriend/Info.plist;
				INFOPLIST_KEY_UIApplicationSupportsIndirectInputEvents = YES;
				INFOPLIST_KEY_UILaunchStoryboardName = LaunchScreen;
				INFOPLIST_KEY_UIMainStoryboardFile = Main;
				INFOPLIST_KEY_UISupportedInterfaceOrientations_iPad = "UIInterfaceOrientationPortrait UIInterfaceOrientationPortraitUpsideDown UIInterfaceOrientationLandscapeLeft UIInterfaceOrientationLandscapeRight";
				INFOPLIST_KEY_UISupportedInterfaceOrientations_iPhone = "UIInterfaceOrientationPortrait UIInterfaceOrientationLandscapeLeft UIInterfaceOrientationLandscapeRight";
				LD_RUNPATH_SEARCH_PATHS = (
					"$(inherited)",
					"@executable_path/Frameworks",
				);
				MARKETING_VERSION = 1.0;
				PRODUCT_BUNDLE_IDENTIFIER = com.lsb.QQfriend;
				PRODUCT_NAME = "$(TARGET_NAME)";
				SWIFT_EMIT_LOC_STRINGS = YES;
				TARGETED_DEVICE_FAMILY = "1,2";
			};
			name = Debug;
		};
		4D07A66A283CC5B600EFAF39 /* Release */ = {
			isa = XCBuildConfiguration;
			buildSettings = {
				ASSETCATALOG_COMPILER_APPICON_NAME = AppIcon;
				ASSETCATALOG_COMPILER_GLOBAL_ACCENT_COLOR_NAME = AccentColor;
				CODE_SIGN_STYLE = Automatic;
				CURRENT_PROJECT_VERSION = 1;
				GENERATE_INFOPLIST_FILE = YES;
				INFOPLIST_FILE = QQfriend/Info.plist;
				INFOPLIST_KEY_UIApplicationSupportsIndirectInputEvents = YES;
				INFOPLIST_KEY_UILaunchStoryboardName = LaunchScreen;
				INFOPLIST_KEY_UIMainStoryboardFile = Main;
				INFOPLIST_KEY_UISupportedInterfaceOrientations_iPad = "UIInterfaceOrientationPortrait UIInterfaceOrientationPortraitUpsideDown UIInterfaceOrientationLandscapeLeft UIInterfaceOrientationLandscapeRight";
				INFOPLIST_KEY_UISupportedInterfaceOrientations_iPhone = "UIInterfaceOrientationPortrait UIInterfaceOrientationLandscapeLeft UIInterfaceOrientationLandscapeRight";
				LD_RUNPATH_SEARCH_PATHS = (
					"$(inherited)",
					"@executable_path/Frameworks",
				);
				MARKETING_VERSION = 1.0;
				PRODUCT_BUNDLE_IDENTIFIER = com.lsb.QQfriend;
				PRODUCT_NAME = "$(TARGET_NAME)";
				SWIFT_EMIT_LOC_STRINGS = YES;
				TARGETED_DEVICE_FAMILY = "1,2";
			};
			name = Release;
		};
		4D07A69D283CE5A800EFAF39 /* Debug */ = {
			isa = XCBuildConfiguration;
			buildSettings = {
				ASSETCATALOG_COMPILER_APPICON_NAME = AppIcon;
				ASSETCATALOG_COMPILER_GLOBAL_ACCENT_COLOR_NAME = AccentColor;
				CODE_SIGN_STYLE = Automatic;
				CURRENT_PROJECT_VERSION = 1;
				GENERATE_INFOPLIST_FILE = YES;
				INFOPLIST_FILE = AppManagement/Info.plist;
				INFOPLIST_KEY_UIApplicationSupportsIndirectInputEvents = YES;
				INFOPLIST_KEY_UILaunchStoryboardName = LaunchScreen;
				INFOPLIST_KEY_UIMainStoryboardFile = Main;
				INFOPLIST_KEY_UISupportedInterfaceOrientations_iPad = "UIInterfaceOrientationPortrait UIInterfaceOrientationPortraitUpsideDown UIInterfaceOrientationLandscapeLeft UIInterfaceOrientationLandscapeRight";
				INFOPLIST_KEY_UISupportedInterfaceOrientations_iPhone = "UIInterfaceOrientationPortrait UIInterfaceOrientationLandscapeLeft UIInterfaceOrientationLandscapeRight";
				LD_RUNPATH_SEARCH_PATHS = (
					"$(inherited)",
					"@executable_path/Frameworks",
				);
				MARKETING_VERSION = 1.0;
				PRODUCT_BUNDLE_IDENTIFIER = com.lsb.AppManagement;
				PRODUCT_NAME = "$(TARGET_NAME)";
				SWIFT_EMIT_LOC_STRINGS = YES;
				TARGETED_DEVICE_FAMILY = "1,2";
			};
			name = Debug;
		};
		4D07A69E283CE5A800EFAF39 /* Release */ = {
			isa = XCBuildConfiguration;
			buildSettings = {
				ASSETCATALOG_COMPILER_APPICON_NAME = AppIcon;
				ASSETCATALOG_COMPILER_GLOBAL_ACCENT_COLOR_NAME = AccentColor;
				CODE_SIGN_STYLE = Automatic;
				CURRENT_PROJECT_VERSION = 1;
				GENERATE_INFOPLIST_FILE = YES;
				INFOPLIST_FILE = AppManagement/Info.plist;
				INFOPLIST_KEY_UIApplicationSupportsIndirectInputEvents = YES;
				INFOPLIST_KEY_UILaunchStoryboardName = LaunchScreen;
				INFOPLIST_KEY_UIMainStoryboardFile = Main;
				INFOPLIST_KEY_UISupportedInterfaceOrientations_iPad = "UIInterfaceOrientationPortrait UIInterfaceOrientationPortraitUpsideDown UIInterfaceOrientationLandscapeLeft UIInterfaceOrientationLandscapeRight";
				INFOPLIST_KEY_UISupportedInterfaceOrientations_iPhone = "UIInterfaceOrientationPortrait UIInterfaceOrientationLandscapeLeft UIInterfaceOrientationLandscapeRight";
				LD_RUNPATH_SEARCH_PATHS = (
					"$(inherited)",
					"@executable_path/Frameworks",
				);
				MARKETING_VERSION = 1.0;
				PRODUCT_BUNDLE_IDENTIFIER = com.lsb.AppManagement;
				PRODUCT_NAME = "$(TARGET_NAME)";
				SWIFT_EMIT_LOC_STRINGS = YES;
				TARGETED_DEVICE_FAMILY = "1,2";
			};
			name = Release;
		};
/* End XCBuildConfiguration section */

/* Begin XCConfigurationList section */
		4D07A62D283CC18A00EFAF39 /* Build configuration list for PBXProject "UIBase08" */ = {
			isa = XCConfigurationList;
			buildConfigurations = (
				4D07A649283CC18C00EFAF39 /* Debug */,
				4D07A64A283CC18C00EFAF39 /* Release */,
			);
			defaultConfigurationIsVisible = 0;
			defaultConfigurationName = Release;
		};
		4D07A64B283CC18C00EFAF39 /* Build configuration list for PBXNativeTarget "UIBase08" */ = {
			isa = XCConfigurationList;
			buildConfigurations = (
				4D07A64C283CC18C00EFAF39 /* Debug */,
				4D07A64D283CC18C00EFAF39 /* Release */,
			);
			defaultConfigurationIsVisible = 0;
			defaultConfigurationName = Release;
		};
		4D07A668283CC5B600EFAF39 /* Build configuration list for PBXNativeTarget "QQfriend" */ = {
			isa = XCConfigurationList;
			buildConfigurations = (
				4D07A669283CC5B600EFAF39 /* Debug */,
				4D07A66A283CC5B600EFAF39 /* Release */,
			);
			defaultConfigurationIsVisible = 0;
			defaultConfigurationName = Release;
		};
		4D07A69C283CE5A800EFAF39 /* Build configuration list for PBXNativeTarget "AppManagement" */ = {
			isa = XCConfigurationList;
			buildConfigurations = (
				4D07A69D283CE5A800EFAF39 /* Debug */,
				4D07A69E283CE5A800EFAF39 /* Release */,
			);
			defaultConfigurationIsVisible = 0;
			defaultConfigurationName = Release;
		};
/* End XCConfigurationList section */
	};
	rootObject = 4D07A62A283CC18A00EFAF39 /* Project object */;
}
